
Microsoft Visual Studio Solution File, Format Version 12.00
# Visual Studio 15
Project("{FAE04EC0-301F-11D3-BF4B-00C04F79EFBC}") = "Assembly-CSharp", "Assembly-CSharp.csproj", "{7387D89F-99BE-3BFE-C732-F10FDC2BB037}"
EndProject
Project("{FAE04EC0-301F-11D3-BF4B-00C04F79EFBC}") = "ShapesRuntime", "ShapesRuntime.csproj", "{70DCB204-5A96-1FFE-69DA-1CA7785426D8}"
EndProject
Project("{FAE04EC0-301F-11D3-BF4B-00C04F79EFBC}") = "ShapesEditor", "ShapesEditor.csproj", "{D52AB546-6AF0-A852-F714-487EF08AF13E}"
EndProject
Project("{FAE04EC0-301F-11D3-BF4B-00C04F79EFBC}") = "ShapesSamples", "ShapesSamples.csproj", "{948E2CC6-2436-5FDD-DFCF-1995BF5A3B7A}"
EndProject
Project("{FAE04EC0-301F-11D3-BF4B-00C04F79EFBC}") = "Destrom.Player", "Destrom.Player.csproj", "{03F08946-4138-2635-A81F-3AFD58D6C12E}"
EndProject
Project("{FAE04EC0-301F-11D3-BF4B-00C04F79EFBC}") = "Assembly-CSharp-Editor", "Assembly-CSharp-Editor.csproj", "{EFB35C8C-E951-13A3-39B9-27AA5EA98789}"
EndProject
Global
	GlobalSection(SolutionConfigurationPlatforms) = preSolution
		Debug|Any CPU = Debug|Any CPU
		Release|Any CPU = Release|Any CPU
	EndGlobalSection
	GlobalSection(ProjectConfigurationPlatforms) = postSolution
		{7387D89F-99BE-3BFE-C732-F10FDC2BB037}.Debug|Any CPU.ActiveCfg = Debug|Any CPU
		{7387D89F-99BE-3BFE-C732-F10FDC2BB037}.Debug|Any CPU.Build.0 = Debug|Any CPU
		{7387D89F-99BE-3BFE-C732-F10FDC2BB037}.Release|Any CPU.ActiveCfg = Release|Any CPU
		{7387D89F-99BE-3BFE-C732-F10FDC2BB037}.Release|Any CPU.Build.0 = Release|Any CPU
		{70DCB204-5A96-1FFE-69DA-1CA7785426D8}.Debug|Any CPU.ActiveCfg = Debug|Any CPU
		{70DCB204-5A96-1FFE-69DA-1CA7785426D8}.Debug|Any CPU.Build.0 = Debug|Any CPU
		{70DCB204-5A96-1FFE-69DA-1CA7785426D8}.Release|Any CPU.ActiveCfg = Release|Any CPU
		{70DCB204-5A96-1FFE-69DA-1CA7785426D8}.Release|Any CPU.Build.0 = Release|Any CPU
		{D52AB546-6AF0-A852-F714-487EF08AF13E}.Debug|Any CPU.ActiveCfg = Debug|Any CPU
		{D52AB546-6AF0-A852-F714-487EF08AF13E}.Debug|Any CPU.Build.0 = Debug|Any CPU
		{D52AB546-6AF0-A852-F714-487EF08AF13E}.Release|Any CPU.ActiveCfg = Release|Any CPU
		{D52AB546-6AF0-A852-F714-487EF08AF13E}.Release|Any CPU.Build.0 = Release|Any CPU
		{948E2CC6-2436-5FDD-DFCF-1995BF5A3B7A}.Debug|Any CPU.ActiveCfg = Debug|Any CPU
		{948E2CC6-2436-5FDD-DFCF-1995BF5A3B7A}.Debug|Any CPU.Build.0 = Debug|Any CPU
		{948E2CC6-2436-5FDD-DFCF-1995BF5A3B7A}.Release|Any CPU.ActiveCfg = Release|Any CPU
		{948E2CC6-2436-5FDD-DFCF-1995BF5A3B7A}.Release|Any CPU.Build.0 = Release|Any CPU
		{03F08946-4138-2635-A81F-3AFD58D6C12E}.Debug|Any CPU.ActiveCfg = Debug|Any CPU
		{03F08946-4138-2635-A81F-3AFD58D6C12E}.Debug|Any CPU.Build.0 = Debug|Any CPU
		{03F08946-4138-2635-A81F-3AFD58D6C12E}.Release|Any CPU.ActiveCfg = Release|Any CPU
		{03F08946-4138-2635-A81F-3AFD58D6C12E}.Release|Any CPU.Build.0 = Release|Any CPU
		{EFB35C8C-E951-13A3-39B9-27AA5EA98789}.Debug|Any CPU.ActiveCfg = Debug|Any CPU
		{EFB35C8C-E951-13A3-39B9-27AA5EA98789}.Debug|Any CPU.Build.0 = Debug|Any CPU
		{EFB35C8C-E951-13A3-39B9-27AA5EA98789}.Release|Any CPU.ActiveCfg = Release|Any CPU
		{EFB35C8C-E951-13A3-39B9-27AA5EA98789}.Release|Any CPU.Build.0 = Release|Any CPU
	EndGlobalSection
	GlobalSection(SolutionProperties) = preSolution
		HideSolutionNode = FALSE
	EndGlobalSection
EndGlobal
