
Microsoft Visual Studio Solution File, Format Version 12.00
# Visual Studio 15
Project("{FAE04EC0-301F-11D3-BF4B-00C04F79EFBC}") = "Unity.Timeline", "Unity.Timeline.csproj", "{D661BA84-6DF8-44C0-4459-1347001B99AC}"
EndProject
Project("{FAE04EC0-301F-11D3-BF4B-00C04F79EFBC}") = "Unity.ShaderGraph.Editor", "Unity.ShaderGraph.Editor.csproj", "{5D9CE7DC-9834-9D33-B111-645669A21B09}"
EndProject
Project("{FAE04EC0-301F-11D3-BF4B-00C04F79EFBC}") = "Assembly-CSharp", "Assembly-CSharp.csproj", "{7387D89F-99BE-3BFE-C732-F10FDC2BB037}"
EndProject
Project("{FAE04EC0-301F-11D3-BF4B-00C04F79EFBC}") = "Unity.Serialization", "Unity.Serialization.csproj", "{A1E1F89C-F3C7-AE54-9086-569AD0971C28}"
EndProject
Project("{FAE04EC0-301F-11D3-BF4B-00C04F79EFBC}") = "Unity.VisualScripting.Flow", "Unity.VisualScripting.Flow.csproj", "{07FFBE21-192B-9C55-BAC5-A4E80987970F}"
EndProject
Project("{FAE04EC0-301F-11D3-BF4B-00C04F79EFBC}") = "Unity.RenderPipelines.Universal.Runtime", "Unity.RenderPipelines.Universal.Runtime.csproj", "{1DE25369-E19D-C8CF-012F-59D01668D9C8}"
EndProject
Project("{FAE04EC0-301F-11D3-BF4B-00C04F79EFBC}") = "Unity.Entities.Graphics", "Unity.Entities.Graphics.csproj", "{8A17D5D1-0E7A-A7D5-4B30-473C81D2D014}"
EndProject
Project("{FAE04EC0-301F-11D3-BF4B-00C04F79EFBC}") = "UnityEditor.UI", "UnityEditor.UI.csproj", "{47914640-E32E-CC0F-D947-3CF6244155EA}"
EndProject
Project("{FAE04EC0-301F-11D3-BF4B-00C04F79EFBC}") = "Unity.Timeline.Editor", "Unity.Timeline.Editor.csproj", "{E3B65ECE-BFC8-628B-BAA3-6635D035A754}"
EndProject
Project("{FAE04EC0-301F-11D3-BF4B-00C04F79EFBC}") = "Unity.PlasticSCM.Editor", "Unity.PlasticSCM.Editor.csproj", "{6D0936CB-93F5-B26A-0F09-9212A15979B5}"
EndProject
Project("{FAE04EC0-301F-11D3-BF4B-00C04F79EFBC}") = "Unity.RenderPipelines.Core.Runtime", "Unity.RenderPipelines.Core.Runtime.csproj", "{63116891-5054-562B-3720-A4AABD5F5302}"
EndProject
Project("{FAE04EC0-301F-11D3-BF4B-00C04F79EFBC}") = "Unity.ScriptableBuildPipeline.Editor", "Unity.ScriptableBuildPipeline.Editor.csproj", "{17FE1C21-3DE9-D707-7FA8-477406DF08B4}"
EndProject
Project("{FAE04EC0-301F-11D3-BF4B-00C04F79EFBC}") = "Unity.Mathematics", "Unity.Mathematics.csproj", "{A9650CD7-3AF4-FCED-36F6-4FE24B7E5787}"
EndProject
Project("{FAE04EC0-301F-11D3-BF4B-00C04F79EFBC}") = "Unity.RenderPipelines.Core.Editor", "Unity.RenderPipelines.Core.Editor.csproj", "{07C964CA-553F-2916-2613-FE5E080D9DF6}"
EndProject
Project("{FAE04EC0-301F-11D3-BF4B-00C04F79EFBC}") = "Unity.VisualScripting.Core.Editor", "Unity.VisualScripting.Core.Editor.csproj", "{19349EA4-D37D-DAC4-32CD-B63FCBC1D662}"
EndProject
Project("{FAE04EC0-301F-11D3-BF4B-00C04F79EFBC}") = "Unity.Collections", "Unity.Collections.csproj", "{27951B08-6CBC-A13D-2B2E-ED698A2F9BD0}"
EndProject
Project("{FAE04EC0-301F-11D3-BF4B-00C04F79EFBC}") = "UnityEditor.TestRunner", "UnityEditor.TestRunner.csproj", "{EC42C767-79D1-E5C0-6EFE-22A99BE16237}"
EndProject
Project("{FAE04EC0-301F-11D3-BF4B-00C04F79EFBC}") = "Unity.Entities.UI.Editor", "Unity.Entities.UI.Editor.csproj", "{5C1435F7-9643-ED3D-E579-F9A09724F4CD}"
EndProject
Project("{FAE04EC0-301F-11D3-BF4B-00C04F79EFBC}") = "Unity.InputSystem", "Unity.InputSystem.csproj", "{F3D8E8B4-E4A0-7830-69F7-8F36DC3C6D8F}"
EndProject
Project("{FAE04EC0-301F-11D3-BF4B-00C04F79EFBC}") = "Unity.RenderPipelines.Universal.Editor", "Unity.RenderPipelines.Universal.Editor.csproj", "{875FA466-933D-9D12-E6B2-24EB8B86C5BB}"
EndProject
Project("{FAE04EC0-301F-11D3-BF4B-00C04F79EFBC}") = "Unity.PerformanceTesting.Editor", "Unity.PerformanceTesting.Editor.csproj", "{F52E37EC-1FD5-7B9A-C7B4-D3F4593F0C8A}"
EndProject
Project("{FAE04EC0-301F-11D3-BF4B-00C04F79EFBC}") = "Unity.TextMeshPro.Editor", "Unity.TextMeshPro.Editor.csproj", "{871442D6-333A-779E-32F3-8F478D206746}"
EndProject
Project("{FAE04EC0-301F-11D3-BF4B-00C04F79EFBC}") = "Unity.VisualScripting.Flow.Editor", "Unity.VisualScripting.Flow.Editor.csproj", "{46B4D7A6-9DC4-76F5-8B8B-F5D0FBC9B4C9}"
EndProject
Project("{FAE04EC0-301F-11D3-BF4B-00C04F79EFBC}") = "UnityEngine.TestRunner", "UnityEngine.TestRunner.csproj", "{C71C7BBE-53E4-FF16-DFF9-E5045A1B7E70}"
EndProject
Project("{FAE04EC0-301F-11D3-BF4B-00C04F79EFBC}") = "Unity.VisualScripting.Core", "Unity.VisualScripting.Core.csproj", "{FDA75E53-840C-5619-F30C-A28FBBC39CF1}"
EndProject
Project("{FAE04EC0-301F-11D3-BF4B-00C04F79EFBC}") = "Unity.Searcher.Editor", "Unity.Searcher.Editor.csproj", "{B01F9631-7A14-CEF6-EE18-535259CD6D21}"
EndProject
Project("{FAE04EC0-301F-11D3-BF4B-00C04F79EFBC}") = "Unity.Burst", "Unity.Burst.csproj", "{544C7AEF-78B2-8B84-8D56-C90F2EDD067B}"
EndProject
Project("{FAE04EC0-301F-11D3-BF4B-00C04F79EFBC}") = "Unity.Tutorials.Core.Editor", "Unity.Tutorials.Core.Editor.csproj", "{E803015C-D9F3-36FF-176A-475203BCD38A}"
EndProject
Project("{FAE04EC0-301F-11D3-BF4B-00C04F79EFBC}") = "Unity.Entities", "Unity.Entities.csproj", "{2B47A44F-D3E3-07A4-9846-2FB06FE861E3}"
EndProject
Project("{FAE04EC0-301F-11D3-BF4B-00C04F79EFBC}") = "ShapesRuntime", "ShapesRuntime.csproj", "{70DCB204-5A96-1FFE-69DA-1CA7785426D8}"
EndProject
Project("{FAE04EC0-301F-11D3-BF4B-00C04F79EFBC}") = "Unity.VisualStudio.Editor", "Unity.VisualStudio.Editor.csproj", "{F2D2F84F-5A46-8098-EB19-4B42BB435541}"
EndProject
Project("{FAE04EC0-301F-11D3-BF4B-00C04F79EFBC}") = "PPv2URPConverters", "PPv2URPConverters.csproj", "{81B13DA3-A4D2-5046-6BED-91A7C23921F6}"
EndProject
Project("{FAE04EC0-301F-11D3-BF4B-00C04F79EFBC}") = "Unity.Scenes", "Unity.Scenes.csproj", "{B5FF4469-E3F3-6C6F-7E5D-51D25B803F88}"
EndProject
Project("{FAE04EC0-301F-11D3-BF4B-00C04F79EFBC}") = "Unity.Entities.Editor", "Unity.Entities.Editor.csproj", "{3C02B78E-B443-5D7F-AD40-15278F2299C2}"
EndProject
Project("{FAE04EC0-301F-11D3-BF4B-00C04F79EFBC}") = "Unity.Entities.CodeGen", "Unity.Entities.CodeGen.csproj", "{142F0BC1-7FCE-499D-9164-601C7EA2EC86}"
EndProject
Project("{FAE04EC0-301F-11D3-BF4B-00C04F79EFBC}") = "Unity.TestTools.CodeCoverage.Editor.OpenCover.Model", "Unity.TestTools.CodeCoverage.Editor.OpenCover.Model.csproj", "{F39D2319-45ED-AFDD-CE10-EA9B1CF04EB3}"
EndProject
Project("{FAE04EC0-301F-11D3-BF4B-00C04F79EFBC}") = "Unity.Rider.Editor", "Unity.Rider.Editor.csproj", "{B816B40A-A544-0C98-47D4-669B79173B32}"
EndProject
Project("{FAE04EC0-301F-11D3-BF4B-00C04F79EFBC}") = "Unity.InternalAPIEngineBridge.002", "Unity.InternalAPIEngineBridge.002.csproj", "{06BF5168-8594-ECCE-B8B8-AD1407A436E5}"
EndProject
Project("{FAE04EC0-301F-11D3-BF4B-00C04F79EFBC}") = "ShapesEditor", "ShapesEditor.csproj", "{D52AB546-6AF0-A852-F714-487EF08AF13E}"
EndProject
Project("{FAE04EC0-301F-11D3-BF4B-00C04F79EFBC}") = "Unity.VisualScripting.State.Editor", "Unity.VisualScripting.State.Editor.csproj", "{FD48B38C-F0B4-3B33-B843-26743BD67CF2}"
EndProject
Project("{FAE04EC0-301F-11D3-BF4B-00C04F79EFBC}") = "UnityEngine.UI", "UnityEngine.UI.csproj", "{0CD3C710-86E6-AD95-25C9-B4EE49BA52C8}"
EndProject
Project("{FAE04EC0-301F-11D3-BF4B-00C04F79EFBC}") = "Unity.TestTools.CodeCoverage.Editor", "Unity.TestTools.CodeCoverage.Editor.csproj", "{A0BC501B-9B47-286D-972D-F07D4A51D48A}"
EndProject
Project("{FAE04EC0-301F-11D3-BF4B-00C04F79EFBC}") = "Unity.Burst.CodeGen", "Unity.Burst.CodeGen.csproj", "{0541B73D-B0B1-8554-0B06-4D86653924E4}"
EndProject
Project("{FAE04EC0-301F-11D3-BF4B-00C04F79EFBC}") = "Unity.RenderPipeline.Universal.ShaderLibrary", "Unity.RenderPipeline.Universal.ShaderLibrary.csproj", "{CD9FA924-37A5-87D2-5552-86383224CD59}"
EndProject
Project("{FAE04EC0-301F-11D3-BF4B-00C04F79EFBC}") = "Unity.PerformanceTesting", "Unity.PerformanceTesting.csproj", "{1C13882F-F3DD-A8BF-4296-428B9196A4CA}"
EndProject
Project("{FAE04EC0-301F-11D3-BF4B-00C04F79EFBC}") = "Unity.Entities.Hybrid", "Unity.Entities.Hybrid.csproj", "{84CD69CB-D863-BE39-28C5-234671C62D17}"
EndProject
Project("{FAE04EC0-301F-11D3-BF4B-00C04F79EFBC}") = "Unity.VisualScripting.State", "Unity.VisualScripting.State.csproj", "{9D943D22-7260-0527-6C84-984070E26999}"
EndProject
Project("{FAE04EC0-301F-11D3-BF4B-00C04F79EFBC}") = "Unity.TextMeshPro", "Unity.TextMeshPro.csproj", "{307AF915-91E5-2B1D-D594-8937BA181C2C}"
EndProject
Project("{FAE04EC0-301F-11D3-BF4B-00C04F79EFBC}") = "Unity.Entities.Build", "Unity.Entities.Build.csproj", "{0A76AC97-4C85-3304-F9E4-BDF3E49B70B1}"
EndProject
Project("{FAE04EC0-301F-11D3-BF4B-00C04F79EFBC}") = "Unity.Performance.Profile-Analyzer.Editor", "Unity.Performance.Profile-Analyzer.Editor.csproj", "{F27625A9-B76B-4C3F-9FD1-692E49C1B59E}"
EndProject
Project("{FAE04EC0-301F-11D3-BF4B-00C04F79EFBC}") = "Unity.Scenes.Editor", "Unity.Scenes.Editor.csproj", "{0A8BE0EA-1227-969E-C700-B323751FA040}"
EndProject
Project("{FAE04EC0-301F-11D3-BF4B-00C04F79EFBC}") = "Unity.InternalAPIEditorBridge.002", "Unity.InternalAPIEditorBridge.002.csproj", "{91B794AA-CD36-41FB-7067-21CC0AC8045A}"
EndProject
Project("{FAE04EC0-301F-11D3-BF4B-00C04F79EFBC}") = "Unity.VisualScripting.SettingsProvider.Editor", "Unity.VisualScripting.SettingsProvider.Editor.csproj", "{8CB3FE4E-2A34-5E11-9ACF-D5F97D103176}"
EndProject
Project("{FAE04EC0-301F-11D3-BF4B-00C04F79EFBC}") = "Unity.VSCode.Editor", "Unity.VSCode.Editor.csproj", "{27B9F80D-5429-13FE-56FA-5CD3A56B9750}"
EndProject
Project("{FAE04EC0-301F-11D3-BF4B-00C04F79EFBC}") = "Unity.Burst.Editor", "Unity.Burst.Editor.csproj", "{6BD53DCC-AC11-DA7D-D6E5-014944CDFEEC}"
EndProject
Project("{FAE04EC0-301F-11D3-BF4B-00C04F79EFBC}") = "Unity.TestTools.CodeCoverage.Editor.OpenCover.Mono.Reflection", "Unity.TestTools.CodeCoverage.Editor.OpenCover.Mono.Reflection.csproj", "{DC0D1B96-637B-AF56-81A5-B2791F5EECDD}"
EndProject
Project("{FAE04EC0-301F-11D3-BF4B-00C04F79EFBC}") = "Unity.Settings.Editor", "Unity.Settings.Editor.csproj", "{E1D804D4-B859-CB3C-9B74-D81C57E520D0}"
EndProject
Project("{FAE04EC0-301F-11D3-BF4B-00C04F79EFBC}") = "Unity.InternalAPIEngineBridge.007", "Unity.InternalAPIEngineBridge.007.csproj", "{12D10C6B-0068-A655-E2CF-703EC3B93E9A}"
EndProject
Project("{FAE04EC0-301F-11D3-BF4B-00C04F79EFBC}") = "Unity.Entities.Editor.Properties", "Unity.Entities.Editor.Properties.csproj", "{96E4C6A3-153F-600E-3893-354673D3E92E}"
EndProject
Project("{FAE04EC0-301F-11D3-BF4B-00C04F79EFBC}") = "ShapesSamples", "ShapesSamples.csproj", "{948E2CC6-2436-5FDD-DFCF-1995BF5A3B7A}"
EndProject
Project("{FAE04EC0-301F-11D3-BF4B-00C04F79EFBC}") = "Unity.InternalAPIEditorBridge.007", "Unity.InternalAPIEditorBridge.007.csproj", "{24859BA9-9DA6-E6CC-F523-84869B869A9A}"
EndProject
Project("{FAE04EC0-301F-11D3-BF4B-00C04F79EFBC}") = "UnityEditor.CacheServer", "UnityEditor.CacheServer.csproj", "{6B4CDBDE-418A-1C58-A763-BA1CEFE9CBF6}"
EndProject
Project("{FAE04EC0-301F-11D3-BF4B-00C04F79EFBC}") = "Unity.Entities.UI", "Unity.Entities.UI.csproj", "{14DCB3CA-CB5A-3F40-34AE-8EEE02811B12}"
EndProject
Project("{FAE04EC0-301F-11D3-BF4B-00C04F79EFBC}") = "Unity.Tutorials.Authoring.Editor", "Unity.Tutorials.Authoring.Editor.csproj", "{34260A9C-2B58-DB35-031C-4335C2000BCD}"
EndProject
Project("{FAE04EC0-301F-11D3-BF4B-00C04F79EFBC}") = "Destrom.Player", "Destrom.Player.csproj", "{03F08946-4138-2635-A81F-3AFD58D6C12E}"
EndProject
Project("{FAE04EC0-301F-11D3-BF4B-00C04F79EFBC}") = "Unity.Mathematics.Extensions", "Unity.Mathematics.Extensions.csproj", "{078EA279-A722-BB49-1B57-63E06B191861}"
EndProject
Project("{FAE04EC0-301F-11D3-BF4B-00C04F79EFBC}") = "Unity.Serialization.Editor", "Unity.Serialization.Editor.csproj", "{2D969509-1559-9BCA-22CE-B29A5419A565}"
EndProject
Project("{FAE04EC0-301F-11D3-BF4B-00C04F79EFBC}") = "Unity.Collections.CodeGen", "Unity.Collections.CodeGen.csproj", "{AD4527A7-5045-3300-A4FA-B2D384505F2F}"
EndProject
Project("{FAE04EC0-301F-11D3-BF4B-00C04F79EFBC}") = "Unity.Mathematics.Editor", "Unity.Mathematics.Editor.csproj", "{43B1D94C-EC1E-C7E0-48C8-B6494074E535}"
EndProject
Project("{FAE04EC0-301F-11D3-BF4B-00C04F79EFBC}") = "Unity.Entities.Hybrid.HybridComponents", "Unity.Entities.Hybrid.HybridComponents.csproj", "{00137CDD-BB27-9214-F2CB-7BC4FBA38F7E}"
EndProject
Project("{FAE04EC0-301F-11D3-BF4B-00C04F79EFBC}") = "Unity.Transforms", "Unity.Transforms.csproj", "{99FB5588-5FAD-93CF-36D7-D022FFC348CA}"
EndProject
Project("{FAE04EC0-301F-11D3-BF4B-00C04F79EFBC}") = "Unity.Tutorials.Core", "Unity.Tutorials.Core.csproj", "{1B8C07BE-3AAC-57EA-9055-997D3D3BE31C}"
EndProject
Project("{FAE04EC0-301F-11D3-BF4B-00C04F79EFBC}") = "Unity.Deformations", "Unity.Deformations.csproj", "{3D4F51F4-C2C8-668A-37B0-95BB98B0642C}"
EndProject
Project("{FAE04EC0-301F-11D3-BF4B-00C04F79EFBC}") = "Unity.InputSystem.TestFramework", "Unity.InputSystem.TestFramework.csproj", "{92105EBE-5234-79BA-C418-7E0A6D44DE5E}"
EndProject
Project("{FAE04EC0-301F-11D3-BF4B-00C04F79EFBC}") = "Unity.ShaderGraph.Utilities", "Unity.ShaderGraph.Utilities.csproj", "{E6BADFF5-7B2B-01C2-AB42-672339D6CC2D}"
EndProject
Project("{FAE04EC0-301F-11D3-BF4B-00C04F79EFBC}") = "Unity.VisualScripting.Shared.Editor", "Unity.VisualScripting.Shared.Editor.csproj", "{618BECF6-C3F8-78D9-730F-B25063CE8BD3}"
EndProject
Project("{FAE04EC0-301F-11D3-BF4B-00C04F79EFBC}") = "Unity.Mathematics.Extensions.Hybrid", "Unity.Mathematics.Extensions.Hybrid.csproj", "{97248375-1BFB-3B61-10B7-2F5A69F82F7F}"
EndProject
Project("{FAE04EC0-301F-11D3-BF4B-00C04F79EFBC}") = "Unity.Profiling.Core", "Unity.Profiling.Core.csproj", "{993C9F31-EEA5-043E-01C8-2C0E9D2C131C}"
EndProject
Project("{FAE04EC0-301F-11D3-BF4B-00C04F79EFBC}") = "Unity.EditorCoroutines.Editor", "Unity.EditorCoroutines.Editor.csproj", "{B00A41B6-D4C7-1217-D880-7993BB0031E4}"
EndProject
Project("{FAE04EC0-301F-11D3-BF4B-00C04F79EFBC}") = "Unity.ScriptableBuildPipeline", "Unity.ScriptableBuildPipeline.csproj", "{6605CF89-3B62-446A-5DB3-A6433F1F789B}"
EndProject
Project("{FAE04EC0-301F-11D3-BF4B-00C04F79EFBC}") = "Assembly-CSharp-Editor", "Assembly-CSharp-Editor.csproj", "{EFB35C8C-E951-13A3-39B9-27AA5EA98789}"
EndProject
Project("{FAE04EC0-301F-11D3-BF4B-00C04F79EFBC}") = "Unity.Entities.Graphics.Editor", "Unity.Entities.Graphics.Editor.csproj", "{B1990677-7768-0D3E-B781-ECEAA22B5BB3}"
EndProject
Project("{FAE04EC0-301F-11D3-BF4B-00C04F79EFBC}") = "Unity.Core.Editor", "Unity.Core.Editor.csproj", "{3C383E4B-F397-7D5C-C26E-ED192288683E}"
EndProject
Project("{FAE04EC0-301F-11D3-BF4B-00C04F79EFBC}") = "Unity.Transforms.Hybrid", "Unity.Transforms.Hybrid.csproj", "{E7CECACF-5C6B-50ED-2F48-63269F1EFE58}"
EndProject
Project("{FAE04EC0-301F-11D3-BF4B-00C04F79EFBC}") = "Unity.Collections.Editor", "Unity.Collections.Editor.csproj", "{B82540D1-C75F-7BAF-7855-80109519BC39}"
EndProject
Project("{FAE04EC0-301F-11D3-BF4B-00C04F79EFBC}") = "Unity.CollabProxy.Editor", "Unity.CollabProxy.Editor.csproj", "{3DF666C7-70B9-E8DE-DC47-80BA9D9F8DCB}"
EndProject
Project("{FAE04EC0-301F-11D3-BF4B-00C04F79EFBC}") = "Unity.RenderPipelines.ShaderGraph.ShaderGraphLibrary", "Unity.RenderPipelines.ShaderGraph.ShaderGraphLibrary.csproj", "{FD205FC1-3E09-87BC-36E9-AD4C3493B204}"
EndProject
Project("{FAE04EC0-301F-11D3-BF4B-00C04F79EFBC}") = "Unity.RenderPipelines.Core.ShaderLibrary", "Unity.RenderPipelines.Core.ShaderLibrary.csproj", "{72E83175-F299-D5CE-2352-64BAAA9122EB}"
EndProject
Project("{FAE04EC0-301F-11D3-BF4B-00C04F79EFBC}") = "Unity.RenderPipelines.Universal.Shaders", "Unity.RenderPipelines.Universal.Shaders.csproj", "{EA0F6649-6353-6B7D-88BC-4BC85B7F32E2}"
EndProject
Project("{FAE04EC0-301F-11D3-BF4B-00C04F79EFBC}") = "Unity.Timeline", "Unity.Timeline.Player.csproj", "{282B4218-1FC4-1373-3859-9688EF6B7291}"
EndProject
Project("{FAE04EC0-301F-11D3-BF4B-00C04F79EFBC}") = "Assembly-CSharp", "Assembly-CSharp.Player.csproj", "{DB7A974E-E572-796F-F0EE-D6956F573681}"
EndProject
Project("{FAE04EC0-301F-11D3-BF4B-00C04F79EFBC}") = "Unity.Serialization", "Unity.Serialization.Player.csproj", "{DD056817-EE27-8A6C-3ADF-56CAB36100BF}"
EndProject
Project("{FAE04EC0-301F-11D3-BF4B-00C04F79EFBC}") = "Unity.VisualScripting.Flow", "Unity.VisualScripting.Flow.Player.csproj", "{A10FC9E1-35DA-7EB6-9CB4-322220B36ED1}"
EndProject
Project("{FAE04EC0-301F-11D3-BF4B-00C04F79EFBC}") = "Unity.RenderPipelines.Universal.Runtime", "Unity.RenderPipelines.Universal.Runtime.Player.csproj", "{CF30ECD1-FAB8-8F02-D45B-00EA659F1847}"
EndProject
Project("{FAE04EC0-301F-11D3-BF4B-00C04F79EFBC}") = "Unity.Entities.Graphics", "Unity.Entities.Graphics.Player.csproj", "{A868F606-7782-160C-B53C-5AE88E4340A8}"
EndProject
Project("{FAE04EC0-301F-11D3-BF4B-00C04F79EFBC}") = "Unity.RenderPipelines.Core.Runtime", "Unity.RenderPipelines.Core.Runtime.Player.csproj", "{BCAEEA16-2B79-5616-34F8-4F8636FA733C}"
EndProject
Project("{FAE04EC0-301F-11D3-BF4B-00C04F79EFBC}") = "Unity.Mathematics", "Unity.Mathematics.Player.csproj", "{4F4C5BA4-F4CC-BAE8-FA5B-AC832039764B}"
EndProject
Project("{FAE04EC0-301F-11D3-BF4B-00C04F79EFBC}") = "Unity.Collections", "Unity.Collections.Player.csproj", "{497AF921-10A4-D4C2-C708-C80813246710}"
EndProject
Project("{FAE04EC0-301F-11D3-BF4B-00C04F79EFBC}") = "Unity.InputSystem", "Unity.InputSystem.Player.csproj", "{F1916581-67BB-D5CF-CE59-DBFC3D0A2A88}"
EndProject
Project("{FAE04EC0-301F-11D3-BF4B-00C04F79EFBC}") = "UnityEngine.TestRunner", "UnityEngine.TestRunner.Player.csproj", "{78870E34-A658-5EFA-6F11-67FB8A023BF2}"
EndProject
Project("{FAE04EC0-301F-11D3-BF4B-00C04F79EFBC}") = "Unity.VisualScripting.Core", "Unity.VisualScripting.Core.Player.csproj", "{B8215468-E7A4-E9BF-AF36-4CCD3A638CA5}"
EndProject
Project("{FAE04EC0-301F-11D3-BF4B-00C04F79EFBC}") = "Unity.Burst", "Unity.Burst.Player.csproj", "{52FEBE8A-CBAC-249A-5F2B-583C6F9B5718}"
EndProject
Project("{FAE04EC0-301F-11D3-BF4B-00C04F79EFBC}") = "Unity.Entities", "Unity.Entities.Player.csproj", "{375CB54D-6F96-9CE6-68D8-4B0334D5EB9F}"
EndProject
Project("{FAE04EC0-301F-11D3-BF4B-00C04F79EFBC}") = "ShapesRuntime", "ShapesRuntime.Player.csproj", "{7A2765FC-B7E0-1232-A7D5-9825B189EC46}"
EndProject
Project("{FAE04EC0-301F-11D3-BF4B-00C04F79EFBC}") = "Unity.Scenes", "Unity.Scenes.Player.csproj", "{4A57F9B4-B5EC-7560-CE90-A4A189816BBD}"
EndProject
Project("{FAE04EC0-301F-11D3-BF4B-00C04F79EFBC}") = "Unity.InternalAPIEngineBridge.002", "Unity.InternalAPIEngineBridge.002.Player.csproj", "{8E6CDB03-A54A-3185-22B1-617DC314BF8C}"
EndProject
Project("{FAE04EC0-301F-11D3-BF4B-00C04F79EFBC}") = "UnityEngine.UI", "UnityEngine.UI.Player.csproj", "{41D2D249-C9BB-6A63-738A-0D53E76539F7}"
EndProject
Project("{FAE04EC0-301F-11D3-BF4B-00C04F79EFBC}") = "Unity.RenderPipeline.Universal.ShaderLibrary", "Unity.RenderPipeline.Universal.ShaderLibrary.Player.csproj", "{0A96055C-352D-E799-F313-D9A1C1032554}"
EndProject
Project("{FAE04EC0-301F-11D3-BF4B-00C04F79EFBC}") = "Unity.PerformanceTesting", "Unity.PerformanceTesting.Player.csproj", "{033468F5-9673-3DCF-BBD9-EEAA6AE94C4E}"
EndProject
Project("{FAE04EC0-301F-11D3-BF4B-00C04F79EFBC}") = "Unity.Entities.Hybrid", "Unity.Entities.Hybrid.Player.csproj", "{A477D2F7-9BAC-EF2F-0153-10F2D5BF7937}"
EndProject
Project("{FAE04EC0-301F-11D3-BF4B-00C04F79EFBC}") = "Unity.VisualScripting.State", "Unity.VisualScripting.State.Player.csproj", "{B319CF26-8C3D-0F79-CA50-54FBA566D256}"
EndProject
Project("{FAE04EC0-301F-11D3-BF4B-00C04F79EFBC}") = "Unity.TextMeshPro", "Unity.TextMeshPro.Player.csproj", "{4D87E75D-95E7-0E15-E464-5A86F177F66C}"
EndProject
Project("{FAE04EC0-301F-11D3-BF4B-00C04F79EFBC}") = "ShapesSamples", "ShapesSamples.Player.csproj", "{3048410B-4DD3-F411-7CEB-3344596871A7}"
EndProject
Project("{FAE04EC0-301F-11D3-BF4B-00C04F79EFBC}") = "Unity.Entities.UI", "Unity.Entities.UI.Player.csproj", "{2CF7CDC0-D982-6522-8D55-27E059E9CCD1}"
EndProject
Project("{FAE04EC0-301F-11D3-BF4B-00C04F79EFBC}") = "Destrom.Player", "Destrom.Player.Player.csproj", "{FB42ECD5-BF48-C505-095C-7001B0F9AB9C}"
EndProject
Project("{FAE04EC0-301F-11D3-BF4B-00C04F79EFBC}") = "Unity.Mathematics.Extensions", "Unity.Mathematics.Extensions.Player.csproj", "{4547D892-490E-2696-1300-19FBF40FE20F}"
EndProject
Project("{FAE04EC0-301F-11D3-BF4B-00C04F79EFBC}") = "Unity.Entities.Hybrid.HybridComponents", "Unity.Entities.Hybrid.HybridComponents.Player.csproj", "{A070D906-F91D-4609-97CB-D86677B008E4}"
EndProject
Project("{FAE04EC0-301F-11D3-BF4B-00C04F79EFBC}") = "Unity.Transforms", "Unity.Transforms.Player.csproj", "{38B430CB-E10C-021B-7DAE-3A2303A0A95F}"
EndProject
Project("{FAE04EC0-301F-11D3-BF4B-00C04F79EFBC}") = "Unity.Tutorials.Core", "Unity.Tutorials.Core.Player.csproj", "{1BA3C914-7F5E-E4BD-7A97-6ED93B5BC848}"
EndProject
Project("{FAE04EC0-301F-11D3-BF4B-00C04F79EFBC}") = "Unity.Deformations", "Unity.Deformations.Player.csproj", "{AFA714DA-19C1-1644-D165-2E99EDF70E84}"
EndProject
Project("{FAE04EC0-301F-11D3-BF4B-00C04F79EFBC}") = "Unity.InputSystem.TestFramework", "Unity.InputSystem.TestFramework.Player.csproj", "{67BC6B07-3F8A-D3E6-C80E-57D7401CE821}"
EndProject
Project("{FAE04EC0-301F-11D3-BF4B-00C04F79EFBC}") = "Unity.Mathematics.Extensions.Hybrid", "Unity.Mathematics.Extensions.Hybrid.Player.csproj", "{4D801F32-FDE3-B40E-ED95-BDC6B068A3A7}"
EndProject
Project("{FAE04EC0-301F-11D3-BF4B-00C04F79EFBC}") = "Unity.Profiling.Core", "Unity.Profiling.Core.Player.csproj", "{DBA67FD4-DE1D-20AB-7905-72D26428E00A}"
EndProject
Project("{FAE04EC0-301F-11D3-BF4B-00C04F79EFBC}") = "Unity.ScriptableBuildPipeline", "Unity.ScriptableBuildPipeline.Player.csproj", "{711F0561-FD56-7B47-EA0B-BFB5B571D6E5}"
EndProject
Project("{FAE04EC0-301F-11D3-BF4B-00C04F79EFBC}") = "Unity.Transforms.Hybrid", "Unity.Transforms.Hybrid.Player.csproj", "{AC2CCD26-6A0E-AD7E-0D20-7A1532F8469F}"
EndProject
Project("{FAE04EC0-301F-11D3-BF4B-00C04F79EFBC}") = "Unity.RenderPipelines.ShaderGraph.ShaderGraphLibrary", "Unity.RenderPipelines.ShaderGraph.ShaderGraphLibrary.Player.csproj", "{8502370E-E195-0491-4B9E-178059154CE5}"
EndProject
Project("{FAE04EC0-301F-11D3-BF4B-00C04F79EFBC}") = "Unity.RenderPipelines.Core.ShaderLibrary", "Unity.RenderPipelines.Core.ShaderLibrary.Player.csproj", "{1179EA22-C116-6E60-51C3-187BC73CDE67}"
EndProject
Project("{FAE04EC0-301F-11D3-BF4B-00C04F79EFBC}") = "Unity.RenderPipelines.Universal.Shaders", "Unity.RenderPipelines.Universal.Shaders.Player.csproj", "{714A4445-B3DF-E779-8B5C-6A73DF184C9B}"
EndProject
Global
	GlobalSection(SolutionConfigurationPlatforms) = preSolution
		Debug|Any CPU = Debug|Any CPU
		Release|Any CPU = Release|Any CPU
	EndGlobalSection
	GlobalSection(ProjectConfigurationPlatforms) = postSolution
		{D661BA84-6DF8-44C0-4459-1347001B99AC}.Debug|Any CPU.ActiveCfg = Debug|Any CPU
		{D661BA84-6DF8-44C0-4459-1347001B99AC}.Debug|Any CPU.Build.0 = Debug|Any CPU
		{D661BA84-6DF8-44C0-4459-1347001B99AC}.Release|Any CPU.ActiveCfg = Release|Any CPU
		{D661BA84-6DF8-44C0-4459-1347001B99AC}.Release|Any CPU.Build.0 = Release|Any CPU
		{5D9CE7DC-9834-9D33-B111-645669A21B09}.Debug|Any CPU.ActiveCfg = Debug|Any CPU
		{5D9CE7DC-9834-9D33-B111-645669A21B09}.Debug|Any CPU.Build.0 = Debug|Any CPU
		{5D9CE7DC-9834-9D33-B111-645669A21B09}.Release|Any CPU.ActiveCfg = Release|Any CPU
		{5D9CE7DC-9834-9D33-B111-645669A21B09}.Release|Any CPU.Build.0 = Release|Any CPU
		{7387D89F-99BE-3BFE-C732-F10FDC2BB037}.Debug|Any CPU.ActiveCfg = Debug|Any CPU
		{7387D89F-99BE-3BFE-C732-F10FDC2BB037}.Debug|Any CPU.Build.0 = Debug|Any CPU
		{7387D89F-99BE-3BFE-C732-F10FDC2BB037}.Release|Any CPU.ActiveCfg = Release|Any CPU
		{7387D89F-99BE-3BFE-C732-F10FDC2BB037}.Release|Any CPU.Build.0 = Release|Any CPU
		{A1E1F89C-F3C7-AE54-9086-569AD0971C28}.Debug|Any CPU.ActiveCfg = Debug|Any CPU
		{A1E1F89C-F3C7-AE54-9086-569AD0971C28}.Debug|Any CPU.Build.0 = Debug|Any CPU
		{A1E1F89C-F3C7-AE54-9086-569AD0971C28}.Release|Any CPU.ActiveCfg = Release|Any CPU
		{A1E1F89C-F3C7-AE54-9086-569AD0971C28}.Release|Any CPU.Build.0 = Release|Any CPU
		{07FFBE21-192B-9C55-BAC5-A4E80987970F}.Debug|Any CPU.ActiveCfg = Debug|Any CPU
		{07FFBE21-192B-9C55-BAC5-A4E80987970F}.Debug|Any CPU.Build.0 = Debug|Any CPU
		{07FFBE21-192B-9C55-BAC5-A4E80987970F}.Release|Any CPU.ActiveCfg = Release|Any CPU
		{07FFBE21-192B-9C55-BAC5-A4E80987970F}.Release|Any CPU.Build.0 = Release|Any CPU
		{1DE25369-E19D-C8CF-012F-59D01668D9C8}.Debug|Any CPU.ActiveCfg = Debug|Any CPU
		{1DE25369-E19D-C8CF-012F-59D01668D9C8}.Debug|Any CPU.Build.0 = Debug|Any CPU
		{1DE25369-E19D-C8CF-012F-59D01668D9C8}.Release|Any CPU.ActiveCfg = Release|Any CPU
		{1DE25369-E19D-C8CF-012F-59D01668D9C8}.Release|Any CPU.Build.0 = Release|Any CPU
		{8A17D5D1-0E7A-A7D5-4B30-473C81D2D014}.Debug|Any CPU.ActiveCfg = Debug|Any CPU
		{8A17D5D1-0E7A-A7D5-4B30-473C81D2D014}.Debug|Any CPU.Build.0 = Debug|Any CPU
		{8A17D5D1-0E7A-A7D5-4B30-473C81D2D014}.Release|Any CPU.ActiveCfg = Release|Any CPU
		{8A17D5D1-0E7A-A7D5-4B30-473C81D2D014}.Release|Any CPU.Build.0 = Release|Any CPU
		{47914640-E32E-CC0F-D947-3CF6244155EA}.Debug|Any CPU.ActiveCfg = Debug|Any CPU
		{47914640-E32E-CC0F-D947-3CF6244155EA}.Debug|Any CPU.Build.0 = Debug|Any CPU
		{47914640-E32E-CC0F-D947-3CF6244155EA}.Release|Any CPU.ActiveCfg = Release|Any CPU
		{47914640-E32E-CC0F-D947-3CF6244155EA}.Release|Any CPU.Build.0 = Release|Any CPU
		{E3B65ECE-BFC8-628B-BAA3-6635D035A754}.Debug|Any CPU.ActiveCfg = Debug|Any CPU
		{E3B65ECE-BFC8-628B-BAA3-6635D035A754}.Debug|Any CPU.Build.0 = Debug|Any CPU
		{E3B65ECE-BFC8-628B-BAA3-6635D035A754}.Release|Any CPU.ActiveCfg = Release|Any CPU
		{E3B65ECE-BFC8-628B-BAA3-6635D035A754}.Release|Any CPU.Build.0 = Release|Any CPU
		{6D0936CB-93F5-B26A-0F09-9212A15979B5}.Debug|Any CPU.ActiveCfg = Debug|Any CPU
		{6D0936CB-93F5-B26A-0F09-9212A15979B5}.Debug|Any CPU.Build.0 = Debug|Any CPU
		{6D0936CB-93F5-B26A-0F09-9212A15979B5}.Release|Any CPU.ActiveCfg = Release|Any CPU
		{6D0936CB-93F5-B26A-0F09-9212A15979B5}.Release|Any CPU.Build.0 = Release|Any CPU
		{63116891-5054-562B-3720-A4AABD5F5302}.Debug|Any CPU.ActiveCfg = Debug|Any CPU
		{63116891-5054-562B-3720-A4AABD5F5302}.Debug|Any CPU.Build.0 = Debug|Any CPU
		{63116891-5054-562B-3720-A4AABD5F5302}.Release|Any CPU.ActiveCfg = Release|Any CPU
		{63116891-5054-562B-3720-A4AABD5F5302}.Release|Any CPU.Build.0 = Release|Any CPU
		{17FE1C21-3DE9-D707-7FA8-477406DF08B4}.Debug|Any CPU.ActiveCfg = Debug|Any CPU
		{17FE1C21-3DE9-D707-7FA8-477406DF08B4}.Debug|Any CPU.Build.0 = Debug|Any CPU
		{17FE1C21-3DE9-D707-7FA8-477406DF08B4}.Release|Any CPU.ActiveCfg = Release|Any CPU
		{17FE1C21-3DE9-D707-7FA8-477406DF08B4}.Release|Any CPU.Build.0 = Release|Any CPU
		{A9650CD7-3AF4-FCED-36F6-4FE24B7E5787}.Debug|Any CPU.ActiveCfg = Debug|Any CPU
		{A9650CD7-3AF4-FCED-36F6-4FE24B7E5787}.Debug|Any CPU.Build.0 = Debug|Any CPU
		{A9650CD7-3AF4-FCED-36F6-4FE24B7E5787}.Release|Any CPU.ActiveCfg = Release|Any CPU
		{A9650CD7-3AF4-FCED-36F6-4FE24B7E5787}.Release|Any CPU.Build.0 = Release|Any CPU
		{07C964CA-553F-2916-2613-FE5E080D9DF6}.Debug|Any CPU.ActiveCfg = Debug|Any CPU
		{07C964CA-553F-2916-2613-FE5E080D9DF6}.Debug|Any CPU.Build.0 = Debug|Any CPU
		{07C964CA-553F-2916-2613-FE5E080D9DF6}.Release|Any CPU.ActiveCfg = Release|Any CPU
		{07C964CA-553F-2916-2613-FE5E080D9DF6}.Release|Any CPU.Build.0 = Release|Any CPU
		{19349EA4-D37D-DAC4-32CD-B63FCBC1D662}.Debug|Any CPU.ActiveCfg = Debug|Any CPU
		{19349EA4-D37D-DAC4-32CD-B63FCBC1D662}.Debug|Any CPU.Build.0 = Debug|Any CPU
		{19349EA4-D37D-DAC4-32CD-B63FCBC1D662}.Release|Any CPU.ActiveCfg = Release|Any CPU
		{19349EA4-D37D-DAC4-32CD-B63FCBC1D662}.Release|Any CPU.Build.0 = Release|Any CPU
		{27951B08-6CBC-A13D-2B2E-ED698A2F9BD0}.Debug|Any CPU.ActiveCfg = Debug|Any CPU
		{27951B08-6CBC-A13D-2B2E-ED698A2F9BD0}.Debug|Any CPU.Build.0 = Debug|Any CPU
		{27951B08-6CBC-A13D-2B2E-ED698A2F9BD0}.Release|Any CPU.ActiveCfg = Release|Any CPU
		{27951B08-6CBC-A13D-2B2E-ED698A2F9BD0}.Release|Any CPU.Build.0 = Release|Any CPU
		{EC42C767-79D1-E5C0-6EFE-22A99BE16237}.Debug|Any CPU.ActiveCfg = Debug|Any CPU
		{EC42C767-79D1-E5C0-6EFE-22A99BE16237}.Debug|Any CPU.Build.0 = Debug|Any CPU
		{EC42C767-79D1-E5C0-6EFE-22A99BE16237}.Release|Any CPU.ActiveCfg = Release|Any CPU
		{EC42C767-79D1-E5C0-6EFE-22A99BE16237}.Release|Any CPU.Build.0 = Release|Any CPU
		{5C1435F7-9643-ED3D-E579-F9A09724F4CD}.Debug|Any CPU.ActiveCfg = Debug|Any CPU
		{5C1435F7-9643-ED3D-E579-F9A09724F4CD}.Debug|Any CPU.Build.0 = Debug|Any CPU
		{5C1435F7-9643-ED3D-E579-F9A09724F4CD}.Release|Any CPU.ActiveCfg = Release|Any CPU
		{5C1435F7-9643-ED3D-E579-F9A09724F4CD}.Release|Any CPU.Build.0 = Release|Any CPU
		{F3D8E8B4-E4A0-7830-69F7-8F36DC3C6D8F}.Debug|Any CPU.ActiveCfg = Debug|Any CPU
		{F3D8E8B4-E4A0-7830-69F7-8F36DC3C6D8F}.Debug|Any CPU.Build.0 = Debug|Any CPU
		{F3D8E8B4-E4A0-7830-69F7-8F36DC3C6D8F}.Release|Any CPU.ActiveCfg = Release|Any CPU
		{F3D8E8B4-E4A0-7830-69F7-8F36DC3C6D8F}.Release|Any CPU.Build.0 = Release|Any CPU
		{875FA466-933D-9D12-E6B2-24EB8B86C5BB}.Debug|Any CPU.ActiveCfg = Debug|Any CPU
		{875FA466-933D-9D12-E6B2-24EB8B86C5BB}.Debug|Any CPU.Build.0 = Debug|Any CPU
		{875FA466-933D-9D12-E6B2-24EB8B86C5BB}.Release|Any CPU.ActiveCfg = Release|Any CPU
		{875FA466-933D-9D12-E6B2-24EB8B86C5BB}.Release|Any CPU.Build.0 = Release|Any CPU
		{F52E37EC-1FD5-7B9A-C7B4-D3F4593F0C8A}.Debug|Any CPU.ActiveCfg = Debug|Any CPU
		{F52E37EC-1FD5-7B9A-C7B4-D3F4593F0C8A}.Debug|Any CPU.Build.0 = Debug|Any CPU
		{F52E37EC-1FD5-7B9A-C7B4-D3F4593F0C8A}.Release|Any CPU.ActiveCfg = Release|Any CPU
		{F52E37EC-1FD5-7B9A-C7B4-D3F4593F0C8A}.Release|Any CPU.Build.0 = Release|Any CPU
		{871442D6-333A-779E-32F3-8F478D206746}.Debug|Any CPU.ActiveCfg = Debug|Any CPU
		{871442D6-333A-779E-32F3-8F478D206746}.Debug|Any CPU.Build.0 = Debug|Any CPU
		{871442D6-333A-779E-32F3-8F478D206746}.Release|Any CPU.ActiveCfg = Release|Any CPU
		{871442D6-333A-779E-32F3-8F478D206746}.Release|Any CPU.Build.0 = Release|Any CPU
		{46B4D7A6-9DC4-76F5-8B8B-F5D0FBC9B4C9}.Debug|Any CPU.ActiveCfg = Debug|Any CPU
		{46B4D7A6-9DC4-76F5-8B8B-F5D0FBC9B4C9}.Debug|Any CPU.Build.0 = Debug|Any CPU
		{46B4D7A6-9DC4-76F5-8B8B-F5D0FBC9B4C9}.Release|Any CPU.ActiveCfg = Release|Any CPU
		{46B4D7A6-9DC4-76F5-8B8B-F5D0FBC9B4C9}.Release|Any CPU.Build.0 = Release|Any CPU
		{C71C7BBE-53E4-FF16-DFF9-E5045A1B7E70}.Debug|Any CPU.ActiveCfg = Debug|Any CPU
		{C71C7BBE-53E4-FF16-DFF9-E5045A1B7E70}.Debug|Any CPU.Build.0 = Debug|Any CPU
		{C71C7BBE-53E4-FF16-DFF9-E5045A1B7E70}.Release|Any CPU.ActiveCfg = Release|Any CPU
		{C71C7BBE-53E4-FF16-DFF9-E5045A1B7E70}.Release|Any CPU.Build.0 = Release|Any CPU
		{FDA75E53-840C-5619-F30C-A28FBBC39CF1}.Debug|Any CPU.ActiveCfg = Debug|Any CPU
		{FDA75E53-840C-5619-F30C-A28FBBC39CF1}.Debug|Any CPU.Build.0 = Debug|Any CPU
		{FDA75E53-840C-5619-F30C-A28FBBC39CF1}.Release|Any CPU.ActiveCfg = Release|Any CPU
		{FDA75E53-840C-5619-F30C-A28FBBC39CF1}.Release|Any CPU.Build.0 = Release|Any CPU
		{B01F9631-7A14-CEF6-EE18-535259CD6D21}.Debug|Any CPU.ActiveCfg = Debug|Any CPU
		{B01F9631-7A14-CEF6-EE18-535259CD6D21}.Debug|Any CPU.Build.0 = Debug|Any CPU
		{B01F9631-7A14-CEF6-EE18-535259CD6D21}.Release|Any CPU.ActiveCfg = Release|Any CPU
		{B01F9631-7A14-CEF6-EE18-535259CD6D21}.Release|Any CPU.Build.0 = Release|Any CPU
		{544C7AEF-78B2-8B84-8D56-C90F2EDD067B}.Debug|Any CPU.ActiveCfg = Debug|Any CPU
		{544C7AEF-78B2-8B84-8D56-C90F2EDD067B}.Debug|Any CPU.Build.0 = Debug|Any CPU
		{544C7AEF-78B2-8B84-8D56-C90F2EDD067B}.Release|Any CPU.ActiveCfg = Release|Any CPU
		{544C7AEF-78B2-8B84-8D56-C90F2EDD067B}.Release|Any CPU.Build.0 = Release|Any CPU
		{E803015C-D9F3-36FF-176A-475203BCD38A}.Debug|Any CPU.ActiveCfg = Debug|Any CPU
		{E803015C-D9F3-36FF-176A-475203BCD38A}.Debug|Any CPU.Build.0 = Debug|Any CPU
		{E803015C-D9F3-36FF-176A-475203BCD38A}.Release|Any CPU.ActiveCfg = Release|Any CPU
		{E803015C-D9F3-36FF-176A-475203BCD38A}.Release|Any CPU.Build.0 = Release|Any CPU
		{2B47A44F-D3E3-07A4-9846-2FB06FE861E3}.Debug|Any CPU.ActiveCfg = Debug|Any CPU
		{2B47A44F-D3E3-07A4-9846-2FB06FE861E3}.Debug|Any CPU.Build.0 = Debug|Any CPU
		{2B47A44F-D3E3-07A4-9846-2FB06FE861E3}.Release|Any CPU.ActiveCfg = Release|Any CPU
		{2B47A44F-D3E3-07A4-9846-2FB06FE861E3}.Release|Any CPU.Build.0 = Release|Any CPU
		{70DCB204-5A96-1FFE-69DA-1CA7785426D8}.Debug|Any CPU.ActiveCfg = Debug|Any CPU
		{70DCB204-5A96-1FFE-69DA-1CA7785426D8}.Debug|Any CPU.Build.0 = Debug|Any CPU
		{70DCB204-5A96-1FFE-69DA-1CA7785426D8}.Release|Any CPU.ActiveCfg = Release|Any CPU
		{70DCB204-5A96-1FFE-69DA-1CA7785426D8}.Release|Any CPU.Build.0 = Release|Any CPU
		{F2D2F84F-5A46-8098-EB19-4B42BB435541}.Debug|Any CPU.ActiveCfg = Debug|Any CPU
		{F2D2F84F-5A46-8098-EB19-4B42BB435541}.Debug|Any CPU.Build.0 = Debug|Any CPU
		{F2D2F84F-5A46-8098-EB19-4B42BB435541}.Release|Any CPU.ActiveCfg = Release|Any CPU
		{F2D2F84F-5A46-8098-EB19-4B42BB435541}.Release|Any CPU.Build.0 = Release|Any CPU
		{81B13DA3-A4D2-5046-6BED-91A7C23921F6}.Debug|Any CPU.ActiveCfg = Debug|Any CPU
		{81B13DA3-A4D2-5046-6BED-91A7C23921F6}.Debug|Any CPU.Build.0 = Debug|Any CPU
		{81B13DA3-A4D2-5046-6BED-91A7C23921F6}.Release|Any CPU.ActiveCfg = Release|Any CPU
		{81B13DA3-A4D2-5046-6BED-91A7C23921F6}.Release|Any CPU.Build.0 = Release|Any CPU
		{B5FF4469-E3F3-6C6F-7E5D-51D25B803F88}.Debug|Any CPU.ActiveCfg = Debug|Any CPU
		{B5FF4469-E3F3-6C6F-7E5D-51D25B803F88}.Debug|Any CPU.Build.0 = Debug|Any CPU
		{B5FF4469-E3F3-6C6F-7E5D-51D25B803F88}.Release|Any CPU.ActiveCfg = Release|Any CPU
		{B5FF4469-E3F3-6C6F-7E5D-51D25B803F88}.Release|Any CPU.Build.0 = Release|Any CPU
		{3C02B78E-B443-5D7F-AD40-15278F2299C2}.Debug|Any CPU.ActiveCfg = Debug|Any CPU
		{3C02B78E-B443-5D7F-AD40-15278F2299C2}.Debug|Any CPU.Build.0 = Debug|Any CPU
		{3C02B78E-B443-5D7F-AD40-15278F2299C2}.Release|Any CPU.ActiveCfg = Release|Any CPU
		{3C02B78E-B443-5D7F-AD40-15278F2299C2}.Release|Any CPU.Build.0 = Release|Any CPU
		{142F0BC1-7FCE-499D-9164-601C7EA2EC86}.Debug|Any CPU.ActiveCfg = Debug|Any CPU
		{142F0BC1-7FCE-499D-9164-601C7EA2EC86}.Debug|Any CPU.Build.0 = Debug|Any CPU
		{142F0BC1-7FCE-499D-9164-601C7EA2EC86}.Release|Any CPU.ActiveCfg = Release|Any CPU
		{142F0BC1-7FCE-499D-9164-601C7EA2EC86}.Release|Any CPU.Build.0 = Release|Any CPU
		{F39D2319-45ED-AFDD-CE10-EA9B1CF04EB3}.Debug|Any CPU.ActiveCfg = Debug|Any CPU
		{F39D2319-45ED-AFDD-CE10-EA9B1CF04EB3}.Debug|Any CPU.Build.0 = Debug|Any CPU
		{F39D2319-45ED-AFDD-CE10-EA9B1CF04EB3}.Release|Any CPU.ActiveCfg = Release|Any CPU
		{F39D2319-45ED-AFDD-CE10-EA9B1CF04EB3}.Release|Any CPU.Build.0 = Release|Any CPU
		{B816B40A-A544-0C98-47D4-669B79173B32}.Debug|Any CPU.ActiveCfg = Debug|Any CPU
		{B816B40A-A544-0C98-47D4-669B79173B32}.Debug|Any CPU.Build.0 = Debug|Any CPU
		{B816B40A-A544-0C98-47D4-669B79173B32}.Release|Any CPU.ActiveCfg = Release|Any CPU
		{B816B40A-A544-0C98-47D4-669B79173B32}.Release|Any CPU.Build.0 = Release|Any CPU
		{06BF5168-8594-ECCE-B8B8-AD1407A436E5}.Debug|Any CPU.ActiveCfg = Debug|Any CPU
		{06BF5168-8594-ECCE-B8B8-AD1407A436E5}.Debug|Any CPU.Build.0 = Debug|Any CPU
		{06BF5168-8594-ECCE-B8B8-AD1407A436E5}.Release|Any CPU.ActiveCfg = Release|Any CPU
		{06BF5168-8594-ECCE-B8B8-AD1407A436E5}.Release|Any CPU.Build.0 = Release|Any CPU
		{D52AB546-6AF0-A852-F714-487EF08AF13E}.Debug|Any CPU.ActiveCfg = Debug|Any CPU
		{D52AB546-6AF0-A852-F714-487EF08AF13E}.Debug|Any CPU.Build.0 = Debug|Any CPU
		{D52AB546-6AF0-A852-F714-487EF08AF13E}.Release|Any CPU.ActiveCfg = Release|Any CPU
		{D52AB546-6AF0-A852-F714-487EF08AF13E}.Release|Any CPU.Build.0 = Release|Any CPU
		{FD48B38C-F0B4-3B33-B843-26743BD67CF2}.Debug|Any CPU.ActiveCfg = Debug|Any CPU
		{FD48B38C-F0B4-3B33-B843-26743BD67CF2}.Debug|Any CPU.Build.0 = Debug|Any CPU
		{FD48B38C-F0B4-3B33-B843-26743BD67CF2}.Release|Any CPU.ActiveCfg = Release|Any CPU
		{FD48B38C-F0B4-3B33-B843-26743BD67CF2}.Release|Any CPU.Build.0 = Release|Any CPU
		{0CD3C710-86E6-AD95-25C9-B4EE49BA52C8}.Debug|Any CPU.ActiveCfg = Debug|Any CPU
		{0CD3C710-86E6-AD95-25C9-B4EE49BA52C8}.Debug|Any CPU.Build.0 = Debug|Any CPU
		{0CD3C710-86E6-AD95-25C9-B4EE49BA52C8}.Release|Any CPU.ActiveCfg = Release|Any CPU
		{0CD3C710-86E6-AD95-25C9-B4EE49BA52C8}.Release|Any CPU.Build.0 = Release|Any CPU
		{A0BC501B-9B47-286D-972D-F07D4A51D48A}.Debug|Any CPU.ActiveCfg = Debug|Any CPU
		{A0BC501B-9B47-286D-972D-F07D4A51D48A}.Debug|Any CPU.Build.0 = Debug|Any CPU
		{A0BC501B-9B47-286D-972D-F07D4A51D48A}.Release|Any CPU.ActiveCfg = Release|Any CPU
		{A0BC501B-9B47-286D-972D-F07D4A51D48A}.Release|Any CPU.Build.0 = Release|Any CPU
		{0541B73D-B0B1-8554-0B06-4D86653924E4}.Debug|Any CPU.ActiveCfg = Debug|Any CPU
		{0541B73D-B0B1-8554-0B06-4D86653924E4}.Debug|Any CPU.Build.0 = Debug|Any CPU
		{0541B73D-B0B1-8554-0B06-4D86653924E4}.Release|Any CPU.ActiveCfg = Release|Any CPU
		{0541B73D-B0B1-8554-0B06-4D86653924E4}.Release|Any CPU.Build.0 = Release|Any CPU
		{CD9FA924-37A5-87D2-5552-86383224CD59}.Debug|Any CPU.ActiveCfg = Debug|Any CPU
		{CD9FA924-37A5-87D2-5552-86383224CD59}.Debug|Any CPU.Build.0 = Debug|Any CPU
		{CD9FA924-37A5-87D2-5552-86383224CD59}.Release|Any CPU.ActiveCfg = Release|Any CPU
		{CD9FA924-37A5-87D2-5552-86383224CD59}.Release|Any CPU.Build.0 = Release|Any CPU
		{1C13882F-F3DD-A8BF-4296-428B9196A4CA}.Debug|Any CPU.ActiveCfg = Debug|Any CPU
		{1C13882F-F3DD-A8BF-4296-428B9196A4CA}.Debug|Any CPU.Build.0 = Debug|Any CPU
		{1C13882F-F3DD-A8BF-4296-428B9196A4CA}.Release|Any CPU.ActiveCfg = Release|Any CPU
		{1C13882F-F3DD-A8BF-4296-428B9196A4CA}.Release|Any CPU.Build.0 = Release|Any CPU
		{84CD69CB-D863-BE39-28C5-234671C62D17}.Debug|Any CPU.ActiveCfg = Debug|Any CPU
		{84CD69CB-D863-BE39-28C5-234671C62D17}.Debug|Any CPU.Build.0 = Debug|Any CPU
		{84CD69CB-D863-BE39-28C5-234671C62D17}.Release|Any CPU.ActiveCfg = Release|Any CPU
		{84CD69CB-D863-BE39-28C5-234671C62D17}.Release|Any CPU.Build.0 = Release|Any CPU
		{9D943D22-7260-0527-6C84-984070E26999}.Debug|Any CPU.ActiveCfg = Debug|Any CPU
		{9D943D22-7260-0527-6C84-984070E26999}.Debug|Any CPU.Build.0 = Debug|Any CPU
		{9D943D22-7260-0527-6C84-984070E26999}.Release|Any CPU.ActiveCfg = Release|Any CPU
		{9D943D22-7260-0527-6C84-984070E26999}.Release|Any CPU.Build.0 = Release|Any CPU
		{307AF915-91E5-2B1D-D594-8937BA181C2C}.Debug|Any CPU.ActiveCfg = Debug|Any CPU
		{307AF915-91E5-2B1D-D594-8937BA181C2C}.Debug|Any CPU.Build.0 = Debug|Any CPU
		{307AF915-91E5-2B1D-D594-8937BA181C2C}.Release|Any CPU.ActiveCfg = Release|Any CPU
		{307AF915-91E5-2B1D-D594-8937BA181C2C}.Release|Any CPU.Build.0 = Release|Any CPU
		{0A76AC97-4C85-3304-F9E4-BDF3E49B70B1}.Debug|Any CPU.ActiveCfg = Debug|Any CPU
		{0A76AC97-4C85-3304-F9E4-BDF3E49B70B1}.Debug|Any CPU.Build.0 = Debug|Any CPU
		{0A76AC97-4C85-3304-F9E4-BDF3E49B70B1}.Release|Any CPU.ActiveCfg = Release|Any CPU
		{0A76AC97-4C85-3304-F9E4-BDF3E49B70B1}.Release|Any CPU.Build.0 = Release|Any CPU
		{F27625A9-B76B-4C3F-9FD1-692E49C1B59E}.Debug|Any CPU.ActiveCfg = Debug|Any CPU
		{F27625A9-B76B-4C3F-9FD1-692E49C1B59E}.Debug|Any CPU.Build.0 = Debug|Any CPU
		{F27625A9-B76B-4C3F-9FD1-692E49C1B59E}.Release|Any CPU.ActiveCfg = Release|Any CPU
		{F27625A9-B76B-4C3F-9FD1-692E49C1B59E}.Release|Any CPU.Build.0 = Release|Any CPU
		{0A8BE0EA-1227-969E-C700-B323751FA040}.Debug|Any CPU.ActiveCfg = Debug|Any CPU
		{0A8BE0EA-1227-969E-C700-B323751FA040}.Debug|Any CPU.Build.0 = Debug|Any CPU
		{0A8BE0EA-1227-969E-C700-B323751FA040}.Release|Any CPU.ActiveCfg = Release|Any CPU
		{0A8BE0EA-1227-969E-C700-B323751FA040}.Release|Any CPU.Build.0 = Release|Any CPU
		{91B794AA-CD36-41FB-7067-21CC0AC8045A}.Debug|Any CPU.ActiveCfg = Debug|Any CPU
		{91B794AA-CD36-41FB-7067-21CC0AC8045A}.Debug|Any CPU.Build.0 = Debug|Any CPU
		{91B794AA-CD36-41FB-7067-21CC0AC8045A}.Release|Any CPU.ActiveCfg = Release|Any CPU
		{91B794AA-CD36-41FB-7067-21CC0AC8045A}.Release|Any CPU.Build.0 = Release|Any CPU
		{8CB3FE4E-2A34-5E11-9ACF-D5F97D103176}.Debug|Any CPU.ActiveCfg = Debug|Any CPU
		{8CB3FE4E-2A34-5E11-9ACF-D5F97D103176}.Debug|Any CPU.Build.0 = Debug|Any CPU
		{8CB3FE4E-2A34-5E11-9ACF-D5F97D103176}.Release|Any CPU.ActiveCfg = Release|Any CPU
		{8CB3FE4E-2A34-5E11-9ACF-D5F97D103176}.Release|Any CPU.Build.0 = Release|Any CPU
		{27B9F80D-5429-13FE-56FA-5CD3A56B9750}.Debug|Any CPU.ActiveCfg = Debug|Any CPU
		{27B9F80D-5429-13FE-56FA-5CD3A56B9750}.Debug|Any CPU.Build.0 = Debug|Any CPU
		{27B9F80D-5429-13FE-56FA-5CD3A56B9750}.Release|Any CPU.ActiveCfg = Release|Any CPU
		{27B9F80D-5429-13FE-56FA-5CD3A56B9750}.Release|Any CPU.Build.0 = Release|Any CPU
		{6BD53DCC-AC11-DA7D-D6E5-014944CDFEEC}.Debug|Any CPU.ActiveCfg = Debug|Any CPU
		{6BD53DCC-AC11-DA7D-D6E5-014944CDFEEC}.Debug|Any CPU.Build.0 = Debug|Any CPU
		{6BD53DCC-AC11-DA7D-D6E5-014944CDFEEC}.Release|Any CPU.ActiveCfg = Release|Any CPU
		{6BD53DCC-AC11-DA7D-D6E5-014944CDFEEC}.Release|Any CPU.Build.0 = Release|Any CPU
		{DC0D1B96-637B-AF56-81A5-B2791F5EECDD}.Debug|Any CPU.ActiveCfg = Debug|Any CPU
		{DC0D1B96-637B-AF56-81A5-B2791F5EECDD}.Debug|Any CPU.Build.0 = Debug|Any CPU
		{DC0D1B96-637B-AF56-81A5-B2791F5EECDD}.Release|Any CPU.ActiveCfg = Release|Any CPU
		{DC0D1B96-637B-AF56-81A5-B2791F5EECDD}.Release|Any CPU.Build.0 = Release|Any CPU
		{E1D804D4-B859-CB3C-9B74-D81C57E520D0}.Debug|Any CPU.ActiveCfg = Debug|Any CPU
		{E1D804D4-B859-CB3C-9B74-D81C57E520D0}.Debug|Any CPU.Build.0 = Debug|Any CPU
		{E1D804D4-B859-CB3C-9B74-D81C57E520D0}.Release|Any CPU.ActiveCfg = Release|Any CPU
		{E1D804D4-B859-CB3C-9B74-D81C57E520D0}.Release|Any CPU.Build.0 = Release|Any CPU
		{12D10C6B-0068-A655-E2CF-703EC3B93E9A}.Debug|Any CPU.ActiveCfg = Debug|Any CPU
		{12D10C6B-0068-A655-E2CF-703EC3B93E9A}.Debug|Any CPU.Build.0 = Debug|Any CPU
		{12D10C6B-0068-A655-E2CF-703EC3B93E9A}.Release|Any CPU.ActiveCfg = Release|Any CPU
		{12D10C6B-0068-A655-E2CF-703EC3B93E9A}.Release|Any CPU.Build.0 = Release|Any CPU
		{96E4C6A3-153F-600E-3893-354673D3E92E}.Debug|Any CPU.ActiveCfg = Debug|Any CPU
		{96E4C6A3-153F-600E-3893-354673D3E92E}.Debug|Any CPU.Build.0 = Debug|Any CPU
		{96E4C6A3-153F-600E-3893-354673D3E92E}.Release|Any CPU.ActiveCfg = Release|Any CPU
		{96E4C6A3-153F-600E-3893-354673D3E92E}.Release|Any CPU.Build.0 = Release|Any CPU
		{948E2CC6-2436-5FDD-DFCF-1995BF5A3B7A}.Debug|Any CPU.ActiveCfg = Debug|Any CPU
		{948E2CC6-2436-5FDD-DFCF-1995BF5A3B7A}.Debug|Any CPU.Build.0 = Debug|Any CPU
		{948E2CC6-2436-5FDD-DFCF-1995BF5A3B7A}.Release|Any CPU.ActiveCfg = Release|Any CPU
		{948E2CC6-2436-5FDD-DFCF-1995BF5A3B7A}.Release|Any CPU.Build.0 = Release|Any CPU
		{24859BA9-9DA6-E6CC-F523-84869B869A9A}.Debug|Any CPU.ActiveCfg = Debug|Any CPU
		{24859BA9-9DA6-E6CC-F523-84869B869A9A}.Debug|Any CPU.Build.0 = Debug|Any CPU
		{24859BA9-9DA6-E6CC-F523-84869B869A9A}.Release|Any CPU.ActiveCfg = Release|Any CPU
		{24859BA9-9DA6-E6CC-F523-84869B869A9A}.Release|Any CPU.Build.0 = Release|Any CPU
		{6B4CDBDE-418A-1C58-A763-BA1CEFE9CBF6}.Debug|Any CPU.ActiveCfg = Debug|Any CPU
		{6B4CDBDE-418A-1C58-A763-BA1CEFE9CBF6}.Debug|Any CPU.Build.0 = Debug|Any CPU
		{6B4CDBDE-418A-1C58-A763-BA1CEFE9CBF6}.Release|Any CPU.ActiveCfg = Release|Any CPU
		{6B4CDBDE-418A-1C58-A763-BA1CEFE9CBF6}.Release|Any CPU.Build.0 = Release|Any CPU
		{14DCB3CA-CB5A-3F40-34AE-8EEE02811B12}.Debug|Any CPU.ActiveCfg = Debug|Any CPU
		{14DCB3CA-CB5A-3F40-34AE-8EEE02811B12}.Debug|Any CPU.Build.0 = Debug|Any CPU
		{14DCB3CA-CB5A-3F40-34AE-8EEE02811B12}.Release|Any CPU.ActiveCfg = Release|Any CPU
		{14DCB3CA-CB5A-3F40-34AE-8EEE02811B12}.Release|Any CPU.Build.0 = Release|Any CPU
		{34260A9C-2B58-DB35-031C-4335C2000BCD}.Debug|Any CPU.ActiveCfg = Debug|Any CPU
		{34260A9C-2B58-DB35-031C-4335C2000BCD}.Debug|Any CPU.Build.0 = Debug|Any CPU
		{34260A9C-2B58-DB35-031C-4335C2000BCD}.Release|Any CPU.ActiveCfg = Release|Any CPU
		{34260A9C-2B58-DB35-031C-4335C2000BCD}.Release|Any CPU.Build.0 = Release|Any CPU
		{03F08946-4138-2635-A81F-3AFD58D6C12E}.Debug|Any CPU.ActiveCfg = Debug|Any CPU
		{03F08946-4138-2635-A81F-3AFD58D6C12E}.Debug|Any CPU.Build.0 = Debug|Any CPU
		{03F08946-4138-2635-A81F-3AFD58D6C12E}.Release|Any CPU.ActiveCfg = Release|Any CPU
		{03F08946-4138-2635-A81F-3AFD58D6C12E}.Release|Any CPU.Build.0 = Release|Any CPU
		{078EA279-A722-BB49-1B57-63E06B191861}.Debug|Any CPU.ActiveCfg = Debug|Any CPU
		{078EA279-A722-BB49-1B57-63E06B191861}.Debug|Any CPU.Build.0 = Debug|Any CPU
		{078EA279-A722-BB49-1B57-63E06B191861}.Release|Any CPU.ActiveCfg = Release|Any CPU
		{078EA279-A722-BB49-1B57-63E06B191861}.Release|Any CPU.Build.0 = Release|Any CPU
		{2D969509-1559-9BCA-22CE-B29A5419A565}.Debug|Any CPU.ActiveCfg = Debug|Any CPU
		{2D969509-1559-9BCA-22CE-B29A5419A565}.Debug|Any CPU.Build.0 = Debug|Any CPU
		{2D969509-1559-9BCA-22CE-B29A5419A565}.Release|Any CPU.ActiveCfg = Release|Any CPU
		{2D969509-1559-9BCA-22CE-B29A5419A565}.Release|Any CPU.Build.0 = Release|Any CPU
		{AD4527A7-5045-3300-A4FA-B2D384505F2F}.Debug|Any CPU.ActiveCfg = Debug|Any CPU
		{AD4527A7-5045-3300-A4FA-B2D384505F2F}.Debug|Any CPU.Build.0 = Debug|Any CPU
		{AD4527A7-5045-3300-A4FA-B2D384505F2F}.Release|Any CPU.ActiveCfg = Release|Any CPU
		{AD4527A7-5045-3300-A4FA-B2D384505F2F}.Release|Any CPU.Build.0 = Release|Any CPU
		{43B1D94C-EC1E-C7E0-48C8-B6494074E535}.Debug|Any CPU.ActiveCfg = Debug|Any CPU
		{43B1D94C-EC1E-C7E0-48C8-B6494074E535}.Debug|Any CPU.Build.0 = Debug|Any CPU
		{43B1D94C-EC1E-C7E0-48C8-B6494074E535}.Release|Any CPU.ActiveCfg = Release|Any CPU
		{43B1D94C-EC1E-C7E0-48C8-B6494074E535}.Release|Any CPU.Build.0 = Release|Any CPU
		{00137CDD-BB27-9214-F2CB-7BC4FBA38F7E}.Debug|Any CPU.ActiveCfg = Debug|Any CPU
		{00137CDD-BB27-9214-F2CB-7BC4FBA38F7E}.Debug|Any CPU.Build.0 = Debug|Any CPU
		{00137CDD-BB27-9214-F2CB-7BC4FBA38F7E}.Release|Any CPU.ActiveCfg = Release|Any CPU
		{00137CDD-BB27-9214-F2CB-7BC4FBA38F7E}.Release|Any CPU.Build.0 = Release|Any CPU
		{99FB5588-5FAD-93CF-36D7-D022FFC348CA}.Debug|Any CPU.ActiveCfg = Debug|Any CPU
		{99FB5588-5FAD-93CF-36D7-D022FFC348CA}.Debug|Any CPU.Build.0 = Debug|Any CPU
		{99FB5588-5FAD-93CF-36D7-D022FFC348CA}.Release|Any CPU.ActiveCfg = Release|Any CPU
		{99FB5588-5FAD-93CF-36D7-D022FFC348CA}.Release|Any CPU.Build.0 = Release|Any CPU
		{1B8C07BE-3AAC-57EA-9055-997D3D3BE31C}.Debug|Any CPU.ActiveCfg = Debug|Any CPU
		{1B8C07BE-3AAC-57EA-9055-997D3D3BE31C}.Debug|Any CPU.Build.0 = Debug|Any CPU
		{1B8C07BE-3AAC-57EA-9055-997D3D3BE31C}.Release|Any CPU.ActiveCfg = Release|Any CPU
		{1B8C07BE-3AAC-57EA-9055-997D3D3BE31C}.Release|Any CPU.Build.0 = Release|Any CPU
		{3D4F51F4-C2C8-668A-37B0-95BB98B0642C}.Debug|Any CPU.ActiveCfg = Debug|Any CPU
		{3D4F51F4-C2C8-668A-37B0-95BB98B0642C}.Debug|Any CPU.Build.0 = Debug|Any CPU
		{3D4F51F4-C2C8-668A-37B0-95BB98B0642C}.Release|Any CPU.ActiveCfg = Release|Any CPU
		{3D4F51F4-C2C8-668A-37B0-95BB98B0642C}.Release|Any CPU.Build.0 = Release|Any CPU
		{92105EBE-5234-79BA-C418-7E0A6D44DE5E}.Debug|Any CPU.ActiveCfg = Debug|Any CPU
		{92105EBE-5234-79BA-C418-7E0A6D44DE5E}.Debug|Any CPU.Build.0 = Debug|Any CPU
		{92105EBE-5234-79BA-C418-7E0A6D44DE5E}.Release|Any CPU.ActiveCfg = Release|Any CPU
		{92105EBE-5234-79BA-C418-7E0A6D44DE5E}.Release|Any CPU.Build.0 = Release|Any CPU
		{E6BADFF5-7B2B-01C2-AB42-672339D6CC2D}.Debug|Any CPU.ActiveCfg = Debug|Any CPU
		{E6BADFF5-7B2B-01C2-AB42-672339D6CC2D}.Debug|Any CPU.Build.0 = Debug|Any CPU
		{E6BADFF5-7B2B-01C2-AB42-672339D6CC2D}.Release|Any CPU.ActiveCfg = Release|Any CPU
		{E6BADFF5-7B2B-01C2-AB42-672339D6CC2D}.Release|Any CPU.Build.0 = Release|Any CPU
		{618BECF6-C3F8-78D9-730F-B25063CE8BD3}.Debug|Any CPU.ActiveCfg = Debug|Any CPU
		{618BECF6-C3F8-78D9-730F-B25063CE8BD3}.Debug|Any CPU.Build.0 = Debug|Any CPU
		{618BECF6-C3F8-78D9-730F-B25063CE8BD3}.Release|Any CPU.ActiveCfg = Release|Any CPU
		{618BECF6-C3F8-78D9-730F-B25063CE8BD3}.Release|Any CPU.Build.0 = Release|Any CPU
		{97248375-1BFB-3B61-10B7-2F5A69F82F7F}.Debug|Any CPU.ActiveCfg = Debug|Any CPU
		{97248375-1BFB-3B61-10B7-2F5A69F82F7F}.Debug|Any CPU.Build.0 = Debug|Any CPU
		{97248375-1BFB-3B61-10B7-2F5A69F82F7F}.Release|Any CPU.ActiveCfg = Release|Any CPU
		{97248375-1BFB-3B61-10B7-2F5A69F82F7F}.Release|Any CPU.Build.0 = Release|Any CPU
		{993C9F31-EEA5-043E-01C8-2C0E9D2C131C}.Debug|Any CPU.ActiveCfg = Debug|Any CPU
		{993C9F31-EEA5-043E-01C8-2C0E9D2C131C}.Debug|Any CPU.Build.0 = Debug|Any CPU
		{993C9F31-EEA5-043E-01C8-2C0E9D2C131C}.Release|Any CPU.ActiveCfg = Release|Any CPU
		{993C9F31-EEA5-043E-01C8-2C0E9D2C131C}.Release|Any CPU.Build.0 = Release|Any CPU
		{B00A41B6-D4C7-1217-D880-7993BB0031E4}.Debug|Any CPU.ActiveCfg = Debug|Any CPU
		{B00A41B6-D4C7-1217-D880-7993BB0031E4}.Debug|Any CPU.Build.0 = Debug|Any CPU
		{B00A41B6-D4C7-1217-D880-7993BB0031E4}.Release|Any CPU.ActiveCfg = Release|Any CPU
		{B00A41B6-D4C7-1217-D880-7993BB0031E4}.Release|Any CPU.Build.0 = Release|Any CPU
		{6605CF89-3B62-446A-5DB3-A6433F1F789B}.Debug|Any CPU.ActiveCfg = Debug|Any CPU
		{6605CF89-3B62-446A-5DB3-A6433F1F789B}.Debug|Any CPU.Build.0 = Debug|Any CPU
		{6605CF89-3B62-446A-5DB3-A6433F1F789B}.Release|Any CPU.ActiveCfg = Release|Any CPU
		{6605CF89-3B62-446A-5DB3-A6433F1F789B}.Release|Any CPU.Build.0 = Release|Any CPU
		{EFB35C8C-E951-13A3-39B9-27AA5EA98789}.Debug|Any CPU.ActiveCfg = Debug|Any CPU
		{EFB35C8C-E951-13A3-39B9-27AA5EA98789}.Debug|Any CPU.Build.0 = Debug|Any CPU
		{EFB35C8C-E951-13A3-39B9-27AA5EA98789}.Release|Any CPU.ActiveCfg = Release|Any CPU
		{EFB35C8C-E951-13A3-39B9-27AA5EA98789}.Release|Any CPU.Build.0 = Release|Any CPU
		{B1990677-7768-0D3E-B781-ECEAA22B5BB3}.Debug|Any CPU.ActiveCfg = Debug|Any CPU
		{B1990677-7768-0D3E-B781-ECEAA22B5BB3}.Debug|Any CPU.Build.0 = Debug|Any CPU
		{B1990677-7768-0D3E-B781-ECEAA22B5BB3}.Release|Any CPU.ActiveCfg = Release|Any CPU
		{B1990677-7768-0D3E-B781-ECEAA22B5BB3}.Release|Any CPU.Build.0 = Release|Any CPU
		{3C383E4B-F397-7D5C-C26E-ED192288683E}.Debug|Any CPU.ActiveCfg = Debug|Any CPU
		{3C383E4B-F397-7D5C-C26E-ED192288683E}.Debug|Any CPU.Build.0 = Debug|Any CPU
		{3C383E4B-F397-7D5C-C26E-ED192288683E}.Release|Any CPU.ActiveCfg = Release|Any CPU
		{3C383E4B-F397-7D5C-C26E-ED192288683E}.Release|Any CPU.Build.0 = Release|Any CPU
		{E7CECACF-5C6B-50ED-2F48-63269F1EFE58}.Debug|Any CPU.ActiveCfg = Debug|Any CPU
		{E7CECACF-5C6B-50ED-2F48-63269F1EFE58}.Debug|Any CPU.Build.0 = Debug|Any CPU
		{E7CECACF-5C6B-50ED-2F48-63269F1EFE58}.Release|Any CPU.ActiveCfg = Release|Any CPU
		{E7CECACF-5C6B-50ED-2F48-63269F1EFE58}.Release|Any CPU.Build.0 = Release|Any CPU
		{B82540D1-C75F-7BAF-7855-80109519BC39}.Debug|Any CPU.ActiveCfg = Debug|Any CPU
		{B82540D1-C75F-7BAF-7855-80109519BC39}.Debug|Any CPU.Build.0 = Debug|Any CPU
		{B82540D1-C75F-7BAF-7855-80109519BC39}.Release|Any CPU.ActiveCfg = Release|Any CPU
		{B82540D1-C75F-7BAF-7855-80109519BC39}.Release|Any CPU.Build.0 = Release|Any CPU
		{3DF666C7-70B9-E8DE-DC47-80BA9D9F8DCB}.Debug|Any CPU.ActiveCfg = Debug|Any CPU
		{3DF666C7-70B9-E8DE-DC47-80BA9D9F8DCB}.Debug|Any CPU.Build.0 = Debug|Any CPU
		{3DF666C7-70B9-E8DE-DC47-80BA9D9F8DCB}.Release|Any CPU.ActiveCfg = Release|Any CPU
		{3DF666C7-70B9-E8DE-DC47-80BA9D9F8DCB}.Release|Any CPU.Build.0 = Release|Any CPU
		{FD205FC1-3E09-87BC-36E9-AD4C3493B204}.Debug|Any CPU.ActiveCfg = Debug|Any CPU
		{FD205FC1-3E09-87BC-36E9-AD4C3493B204}.Debug|Any CPU.Build.0 = Debug|Any CPU
		{FD205FC1-3E09-87BC-36E9-AD4C3493B204}.Release|Any CPU.ActiveCfg = Release|Any CPU
		{FD205FC1-3E09-87BC-36E9-AD4C3493B204}.Release|Any CPU.Build.0 = Release|Any CPU
		{72E83175-F299-D5CE-2352-64BAAA9122EB}.Debug|Any CPU.ActiveCfg = Debug|Any CPU
		{72E83175-F299-D5CE-2352-64BAAA9122EB}.Debug|Any CPU.Build.0 = Debug|Any CPU
		{72E83175-F299-D5CE-2352-64BAAA9122EB}.Release|Any CPU.ActiveCfg = Release|Any CPU
		{72E83175-F299-D5CE-2352-64BAAA9122EB}.Release|Any CPU.Build.0 = Release|Any CPU
		{EA0F6649-6353-6B7D-88BC-4BC85B7F32E2}.Debug|Any CPU.ActiveCfg = Debug|Any CPU
		{EA0F6649-6353-6B7D-88BC-4BC85B7F32E2}.Debug|Any CPU.Build.0 = Debug|Any CPU
		{EA0F6649-6353-6B7D-88BC-4BC85B7F32E2}.Release|Any CPU.ActiveCfg = Release|Any CPU
		{EA0F6649-6353-6B7D-88BC-4BC85B7F32E2}.Release|Any CPU.Build.0 = Release|Any CPU
		{282B4218-1FC4-1373-3859-9688EF6B7291}.Debug|Any CPU.ActiveCfg = Debug|Any CPU
		{282B4218-1FC4-1373-3859-9688EF6B7291}.Debug|Any CPU.Build.0 = Debug|Any CPU
		{282B4218-1FC4-1373-3859-9688EF6B7291}.Release|Any CPU.ActiveCfg = Release|Any CPU
		{282B4218-1FC4-1373-3859-9688EF6B7291}.Release|Any CPU.Build.0 = Release|Any CPU
		{DB7A974E-E572-796F-F0EE-D6956F573681}.Debug|Any CPU.ActiveCfg = Debug|Any CPU
		{DB7A974E-E572-796F-F0EE-D6956F573681}.Debug|Any CPU.Build.0 = Debug|Any CPU
		{DB7A974E-E572-796F-F0EE-D6956F573681}.Release|Any CPU.ActiveCfg = Release|Any CPU
		{DB7A974E-E572-796F-F0EE-D6956F573681}.Release|Any CPU.Build.0 = Release|Any CPU
		{DD056817-EE27-8A6C-3ADF-56CAB36100BF}.Debug|Any CPU.ActiveCfg = Debug|Any CPU
		{DD056817-EE27-8A6C-3ADF-56CAB36100BF}.Debug|Any CPU.Build.0 = Debug|Any CPU
		{DD056817-EE27-8A6C-3ADF-56CAB36100BF}.Release|Any CPU.ActiveCfg = Release|Any CPU
		{DD056817-EE27-8A6C-3ADF-56CAB36100BF}.Release|Any CPU.Build.0 = Release|Any CPU
		{A10FC9E1-35DA-7EB6-9CB4-322220B36ED1}.Debug|Any CPU.ActiveCfg = Debug|Any CPU
		{A10FC9E1-35DA-7EB6-9CB4-322220B36ED1}.Debug|Any CPU.Build.0 = Debug|Any CPU
		{A10FC9E1-35DA-7EB6-9CB4-322220B36ED1}.Release|Any CPU.ActiveCfg = Release|Any CPU
		{A10FC9E1-35DA-7EB6-9CB4-322220B36ED1}.Release|Any CPU.Build.0 = Release|Any CPU
		{CF30ECD1-FAB8-8F02-D45B-00EA659F1847}.Debug|Any CPU.ActiveCfg = Debug|Any CPU
		{CF30ECD1-FAB8-8F02-D45B-00EA659F1847}.Debug|Any CPU.Build.0 = Debug|Any CPU
		{CF30ECD1-FAB8-8F02-D45B-00EA659F1847}.Release|Any CPU.ActiveCfg = Release|Any CPU
		{CF30ECD1-FAB8-8F02-D45B-00EA659F1847}.Release|Any CPU.Build.0 = Release|Any CPU
		{A868F606-7782-160C-B53C-5AE88E4340A8}.Debug|Any CPU.ActiveCfg = Debug|Any CPU
		{A868F606-7782-160C-B53C-5AE88E4340A8}.Debug|Any CPU.Build.0 = Debug|Any CPU
		{A868F606-7782-160C-B53C-5AE88E4340A8}.Release|Any CPU.ActiveCfg = Release|Any CPU
		{A868F606-7782-160C-B53C-5AE88E4340A8}.Release|Any CPU.Build.0 = Release|Any CPU
		{BCAEEA16-2B79-5616-34F8-4F8636FA733C}.Debug|Any CPU.ActiveCfg = Debug|Any CPU
		{BCAEEA16-2B79-5616-34F8-4F8636FA733C}.Debug|Any CPU.Build.0 = Debug|Any CPU
		{BCAEEA16-2B79-5616-34F8-4F8636FA733C}.Release|Any CPU.ActiveCfg = Release|Any CPU
		{BCAEEA16-2B79-5616-34F8-4F8636FA733C}.Release|Any CPU.Build.0 = Release|Any CPU
		{4F4C5BA4-F4CC-BAE8-FA5B-AC832039764B}.Debug|Any CPU.ActiveCfg = Debug|Any CPU
		{4F4C5BA4-F4CC-BAE8-FA5B-AC832039764B}.Debug|Any CPU.Build.0 = Debug|Any CPU
		{4F4C5BA4-F4CC-BAE8-FA5B-AC832039764B}.Release|Any CPU.ActiveCfg = Release|Any CPU
		{4F4C5BA4-F4CC-BAE8-FA5B-AC832039764B}.Release|Any CPU.Build.0 = Release|Any CPU
		{497AF921-10A4-D4C2-C708-C80813246710}.Debug|Any CPU.ActiveCfg = Debug|Any CPU
		{497AF921-10A4-D4C2-C708-C80813246710}.Debug|Any CPU.Build.0 = Debug|Any CPU
		{497AF921-10A4-D4C2-C708-C80813246710}.Release|Any CPU.ActiveCfg = Release|Any CPU
		{497AF921-10A4-D4C2-C708-C80813246710}.Release|Any CPU.Build.0 = Release|Any CPU
		{F1916581-67BB-D5CF-CE59-DBFC3D0A2A88}.Debug|Any CPU.ActiveCfg = Debug|Any CPU
		{F1916581-67BB-D5CF-CE59-DBFC3D0A2A88}.Debug|Any CPU.Build.0 = Debug|Any CPU
		{F1916581-67BB-D5CF-CE59-DBFC3D0A2A88}.Release|Any CPU.ActiveCfg = Release|Any CPU
		{F1916581-67BB-D5CF-CE59-DBFC3D0A2A88}.Release|Any CPU.Build.0 = Release|Any CPU
		{78870E34-A658-5EFA-6F11-67FB8A023BF2}.Debug|Any CPU.ActiveCfg = Debug|Any CPU
		{78870E34-A658-5EFA-6F11-67FB8A023BF2}.Debug|Any CPU.Build.0 = Debug|Any CPU
		{78870E34-A658-5EFA-6F11-67FB8A023BF2}.Release|Any CPU.ActiveCfg = Release|Any CPU
		{78870E34-A658-5EFA-6F11-67FB8A023BF2}.Release|Any CPU.Build.0 = Release|Any CPU
		{B8215468-E7A4-E9BF-AF36-4CCD3A638CA5}.Debug|Any CPU.ActiveCfg = Debug|Any CPU
		{B8215468-E7A4-E9BF-AF36-4CCD3A638CA5}.Debug|Any CPU.Build.0 = Debug|Any CPU
		{B8215468-E7A4-E9BF-AF36-4CCD3A638CA5}.Release|Any CPU.ActiveCfg = Release|Any CPU
		{B8215468-E7A4-E9BF-AF36-4CCD3A638CA5}.Release|Any CPU.Build.0 = Release|Any CPU
		{52FEBE8A-CBAC-249A-5F2B-583C6F9B5718}.Debug|Any CPU.ActiveCfg = Debug|Any CPU
		{52FEBE8A-CBAC-249A-5F2B-583C6F9B5718}.Debug|Any CPU.Build.0 = Debug|Any CPU
		{52FEBE8A-CBAC-249A-5F2B-583C6F9B5718}.Release|Any CPU.ActiveCfg = Release|Any CPU
		{52FEBE8A-CBAC-249A-5F2B-583C6F9B5718}.Release|Any CPU.Build.0 = Release|Any CPU
		{375CB54D-6F96-9CE6-68D8-4B0334D5EB9F}.Debug|Any CPU.ActiveCfg = Debug|Any CPU
		{375CB54D-6F96-9CE6-68D8-4B0334D5EB9F}.Debug|Any CPU.Build.0 = Debug|Any CPU
		{375CB54D-6F96-9CE6-68D8-4B0334D5EB9F}.Release|Any CPU.ActiveCfg = Release|Any CPU
		{375CB54D-6F96-9CE6-68D8-4B0334D5EB9F}.Release|Any CPU.Build.0 = Release|Any CPU
		{7A2765FC-B7E0-1232-A7D5-9825B189EC46}.Debug|Any CPU.ActiveCfg = Debug|Any CPU
		{7A2765FC-B7E0-1232-A7D5-9825B189EC46}.Debug|Any CPU.Build.0 = Debug|Any CPU
		{7A2765FC-B7E0-1232-A7D5-9825B189EC46}.Release|Any CPU.ActiveCfg = Release|Any CPU
		{7A2765FC-B7E0-1232-A7D5-9825B189EC46}.Release|Any CPU.Build.0 = Release|Any CPU
		{4A57F9B4-B5EC-7560-CE90-A4A189816BBD}.Debug|Any CPU.ActiveCfg = Debug|Any CPU
		{4A57F9B4-B5EC-7560-CE90-A4A189816BBD}.Debug|Any CPU.Build.0 = Debug|Any CPU
		{4A57F9B4-B5EC-7560-CE90-A4A189816BBD}.Release|Any CPU.ActiveCfg = Release|Any CPU
		{4A57F9B4-B5EC-7560-CE90-A4A189816BBD}.Release|Any CPU.Build.0 = Release|Any CPU
		{8E6CDB03-A54A-3185-22B1-617DC314BF8C}.Debug|Any CPU.ActiveCfg = Debug|Any CPU
		{8E6CDB03-A54A-3185-22B1-617DC314BF8C}.Debug|Any CPU.Build.0 = Debug|Any CPU
		{8E6CDB03-A54A-3185-22B1-617DC314BF8C}.Release|Any CPU.ActiveCfg = Release|Any CPU
		{8E6CDB03-A54A-3185-22B1-617DC314BF8C}.Release|Any CPU.Build.0 = Release|Any CPU
		{41D2D249-C9BB-6A63-738A-0D53E76539F7}.Debug|Any CPU.ActiveCfg = Debug|Any CPU
		{41D2D249-C9BB-6A63-738A-0D53E76539F7}.Debug|Any CPU.Build.0 = Debug|Any CPU
		{41D2D249-C9BB-6A63-738A-0D53E76539F7}.Release|Any CPU.ActiveCfg = Release|Any CPU
		{41D2D249-C9BB-6A63-738A-0D53E76539F7}.Release|Any CPU.Build.0 = Release|Any CPU
		{0A96055C-352D-E799-F313-D9A1C1032554}.Debug|Any CPU.ActiveCfg = Debug|Any CPU
		{0A96055C-352D-E799-F313-D9A1C1032554}.Debug|Any CPU.Build.0 = Debug|Any CPU
		{0A96055C-352D-E799-F313-D9A1C1032554}.Release|Any CPU.ActiveCfg = Release|Any CPU
		{0A96055C-352D-E799-F313-D9A1C1032554}.Release|Any CPU.Build.0 = Release|Any CPU
		{033468F5-9673-3DCF-BBD9-EEAA6AE94C4E}.Debug|Any CPU.ActiveCfg = Debug|Any CPU
		{033468F5-9673-3DCF-BBD9-EEAA6AE94C4E}.Debug|Any CPU.Build.0 = Debug|Any CPU
		{033468F5-9673-3DCF-BBD9-EEAA6AE94C4E}.Release|Any CPU.ActiveCfg = Release|Any CPU
		{033468F5-9673-3DCF-BBD9-EEAA6AE94C4E}.Release|Any CPU.Build.0 = Release|Any CPU
		{A477D2F7-9BAC-EF2F-0153-10F2D5BF7937}.Debug|Any CPU.ActiveCfg = Debug|Any CPU
		{A477D2F7-9BAC-EF2F-0153-10F2D5BF7937}.Debug|Any CPU.Build.0 = Debug|Any CPU
		{A477D2F7-9BAC-EF2F-0153-10F2D5BF7937}.Release|Any CPU.ActiveCfg = Release|Any CPU
		{A477D2F7-9BAC-EF2F-0153-10F2D5BF7937}.Release|Any CPU.Build.0 = Release|Any CPU
		{B319CF26-8C3D-0F79-CA50-54FBA566D256}.Debug|Any CPU.ActiveCfg = Debug|Any CPU
		{B319CF26-8C3D-0F79-CA50-54FBA566D256}.Debug|Any CPU.Build.0 = Debug|Any CPU
		{B319CF26-8C3D-0F79-CA50-54FBA566D256}.Release|Any CPU.ActiveCfg = Release|Any CPU
		{B319CF26-8C3D-0F79-CA50-54FBA566D256}.Release|Any CPU.Build.0 = Release|Any CPU
		{4D87E75D-95E7-0E15-E464-5A86F177F66C}.Debug|Any CPU.ActiveCfg = Debug|Any CPU
		{4D87E75D-95E7-0E15-E464-5A86F177F66C}.Debug|Any CPU.Build.0 = Debug|Any CPU
		{4D87E75D-95E7-0E15-E464-5A86F177F66C}.Release|Any CPU.ActiveCfg = Release|Any CPU
		{4D87E75D-95E7-0E15-E464-5A86F177F66C}.Release|Any CPU.Build.0 = Release|Any CPU
		{3048410B-4DD3-F411-7CEB-3344596871A7}.Debug|Any CPU.ActiveCfg = Debug|Any CPU
		{3048410B-4DD3-F411-7CEB-3344596871A7}.Debug|Any CPU.Build.0 = Debug|Any CPU
		{3048410B-4DD3-F411-7CEB-3344596871A7}.Release|Any CPU.ActiveCfg = Release|Any CPU
		{3048410B-4DD3-F411-7CEB-3344596871A7}.Release|Any CPU.Build.0 = Release|Any CPU
		{2CF7CDC0-D982-6522-8D55-27E059E9CCD1}.Debug|Any CPU.ActiveCfg = Debug|Any CPU
		{2CF7CDC0-D982-6522-8D55-27E059E9CCD1}.Debug|Any CPU.Build.0 = Debug|Any CPU
		{2CF7CDC0-D982-6522-8D55-27E059E9CCD1}.Release|Any CPU.ActiveCfg = Release|Any CPU
		{2CF7CDC0-D982-6522-8D55-27E059E9CCD1}.Release|Any CPU.Build.0 = Release|Any CPU
		{FB42ECD5-BF48-C505-095C-7001B0F9AB9C}.Debug|Any CPU.ActiveCfg = Debug|Any CPU
		{FB42ECD5-BF48-C505-095C-7001B0F9AB9C}.Debug|Any CPU.Build.0 = Debug|Any CPU
		{FB42ECD5-BF48-C505-095C-7001B0F9AB9C}.Release|Any CPU.ActiveCfg = Release|Any CPU
		{FB42ECD5-BF48-C505-095C-7001B0F9AB9C}.Release|Any CPU.Build.0 = Release|Any CPU
		{4547D892-490E-2696-1300-19FBF40FE20F}.Debug|Any CPU.ActiveCfg = Debug|Any CPU
		{4547D892-490E-2696-1300-19FBF40FE20F}.Debug|Any CPU.Build.0 = Debug|Any CPU
		{4547D892-490E-2696-1300-19FBF40FE20F}.Release|Any CPU.ActiveCfg = Release|Any CPU
		{4547D892-490E-2696-1300-19FBF40FE20F}.Release|Any CPU.Build.0 = Release|Any CPU
		{A070D906-F91D-4609-97CB-D86677B008E4}.Debug|Any CPU.ActiveCfg = Debug|Any CPU
		{A070D906-F91D-4609-97CB-D86677B008E4}.Debug|Any CPU.Build.0 = Debug|Any CPU
		{A070D906-F91D-4609-97CB-D86677B008E4}.Release|Any CPU.ActiveCfg = Release|Any CPU
		{A070D906-F91D-4609-97CB-D86677B008E4}.Release|Any CPU.Build.0 = Release|Any CPU
		{38B430CB-E10C-021B-7DAE-3A2303A0A95F}.Debug|Any CPU.ActiveCfg = Debug|Any CPU
		{38B430CB-E10C-021B-7DAE-3A2303A0A95F}.Debug|Any CPU.Build.0 = Debug|Any CPU
		{38B430CB-E10C-021B-7DAE-3A2303A0A95F}.Release|Any CPU.ActiveCfg = Release|Any CPU
		{38B430CB-E10C-021B-7DAE-3A2303A0A95F}.Release|Any CPU.Build.0 = Release|Any CPU
		{1BA3C914-7F5E-E4BD-7A97-6ED93B5BC848}.Debug|Any CPU.ActiveCfg = Debug|Any CPU
		{1BA3C914-7F5E-E4BD-7A97-6ED93B5BC848}.Debug|Any CPU.Build.0 = Debug|Any CPU
		{1BA3C914-7F5E-E4BD-7A97-6ED93B5BC848}.Release|Any CPU.ActiveCfg = Release|Any CPU
		{1BA3C914-7F5E-E4BD-7A97-6ED93B5BC848}.Release|Any CPU.Build.0 = Release|Any CPU
		{AFA714DA-19C1-1644-D165-2E99EDF70E84}.Debug|Any CPU.ActiveCfg = Debug|Any CPU
		{AFA714DA-19C1-1644-D165-2E99EDF70E84}.Debug|Any CPU.Build.0 = Debug|Any CPU
		{AFA714DA-19C1-1644-D165-2E99EDF70E84}.Release|Any CPU.ActiveCfg = Release|Any CPU
		{AFA714DA-19C1-1644-D165-2E99EDF70E84}.Release|Any CPU.Build.0 = Release|Any CPU
		{67BC6B07-3F8A-D3E6-C80E-57D7401CE821}.Debug|Any CPU.ActiveCfg = Debug|Any CPU
		{67BC6B07-3F8A-D3E6-C80E-57D7401CE821}.Debug|Any CPU.Build.0 = Debug|Any CPU
		{67BC6B07-3F8A-D3E6-C80E-57D7401CE821}.Release|Any CPU.ActiveCfg = Release|Any CPU
		{67BC6B07-3F8A-D3E6-C80E-57D7401CE821}.Release|Any CPU.Build.0 = Release|Any CPU
		{4D801F32-FDE3-B40E-ED95-BDC6B068A3A7}.Debug|Any CPU.ActiveCfg = Debug|Any CPU
		{4D801F32-FDE3-B40E-ED95-BDC6B068A3A7}.Debug|Any CPU.Build.0 = Debug|Any CPU
		{4D801F32-FDE3-B40E-ED95-BDC6B068A3A7}.Release|Any CPU.ActiveCfg = Release|Any CPU
		{4D801F32-FDE3-B40E-ED95-BDC6B068A3A7}.Release|Any CPU.Build.0 = Release|Any CPU
		{DBA67FD4-DE1D-20AB-7905-72D26428E00A}.Debug|Any CPU.ActiveCfg = Debug|Any CPU
		{DBA67FD4-DE1D-20AB-7905-72D26428E00A}.Debug|Any CPU.Build.0 = Debug|Any CPU
		{DBA67FD4-DE1D-20AB-7905-72D26428E00A}.Release|Any CPU.ActiveCfg = Release|Any CPU
		{DBA67FD4-DE1D-20AB-7905-72D26428E00A}.Release|Any CPU.Build.0 = Release|Any CPU
		{711F0561-FD56-7B47-EA0B-BFB5B571D6E5}.Debug|Any CPU.ActiveCfg = Debug|Any CPU
		{711F0561-FD56-7B47-EA0B-BFB5B571D6E5}.Debug|Any CPU.Build.0 = Debug|Any CPU
		{711F0561-FD56-7B47-EA0B-BFB5B571D6E5}.Release|Any CPU.ActiveCfg = Release|Any CPU
		{711F0561-FD56-7B47-EA0B-BFB5B571D6E5}.Release|Any CPU.Build.0 = Release|Any CPU
		{AC2CCD26-6A0E-AD7E-0D20-7A1532F8469F}.Debug|Any CPU.ActiveCfg = Debug|Any CPU
		{AC2CCD26-6A0E-AD7E-0D20-7A1532F8469F}.Debug|Any CPU.Build.0 = Debug|Any CPU
		{AC2CCD26-6A0E-AD7E-0D20-7A1532F8469F}.Release|Any CPU.ActiveCfg = Release|Any CPU
		{AC2CCD26-6A0E-AD7E-0D20-7A1532F8469F}.Release|Any CPU.Build.0 = Release|Any CPU
		{8502370E-E195-0491-4B9E-178059154CE5}.Debug|Any CPU.ActiveCfg = Debug|Any CPU
		{8502370E-E195-0491-4B9E-178059154CE5}.Debug|Any CPU.Build.0 = Debug|Any CPU
		{8502370E-E195-0491-4B9E-178059154CE5}.Release|Any CPU.ActiveCfg = Release|Any CPU
		{8502370E-E195-0491-4B9E-178059154CE5}.Release|Any CPU.Build.0 = Release|Any CPU
		{1179EA22-C116-6E60-51C3-187BC73CDE67}.Debug|Any CPU.ActiveCfg = Debug|Any CPU
		{1179EA22-C116-6E60-51C3-187BC73CDE67}.Debug|Any CPU.Build.0 = Debug|Any CPU
		{1179EA22-C116-6E60-51C3-187BC73CDE67}.Release|Any CPU.ActiveCfg = Release|Any CPU
		{1179EA22-C116-6E60-51C3-187BC73CDE67}.Release|Any CPU.Build.0 = Release|Any CPU
		{714A4445-B3DF-E779-8B5C-6A73DF184C9B}.Debug|Any CPU.ActiveCfg = Debug|Any CPU
		{714A4445-B3DF-E779-8B5C-6A73DF184C9B}.Debug|Any CPU.Build.0 = Debug|Any CPU
		{714A4445-B3DF-E779-8B5C-6A73DF184C9B}.Release|Any CPU.ActiveCfg = Release|Any CPU
		{714A4445-B3DF-E779-8B5C-6A73DF184C9B}.Release|Any CPU.Build.0 = Release|Any CPU
	EndGlobalSection
	GlobalSection(SolutionProperties) = preSolution
		HideSolutionNode = FALSE
	EndGlobalSection
EndGlobal
